// !$*UTF8*$!
{
	archiveVersion = 1;
	classes = {
	};
	objectVersion = 42;
	objects = {

/* Begin PBXBuildFile section */
		A834F6FB09D902660012433B /* Updater.icns in Resources */ = {isa = PBXBuildFile; fileRef = A834F6FA09D902660012433B /* Updater.icns */; };
		A857CC8A09D8FD0A004F0FA6 /* UpdaterObject.h in Headers */ = {isa = PBXBuildFile; fileRef = F589968302801DD10116BBC0 /* UpdaterObject.h */; };
		A857CC8C09D8FD0A004F0FA6 /* MainMenu.nib in Resources */ = {isa = PBXBuildFile; fileRef = 29B97318FDCFA39411CA2CEA /* MainMenu.nib */; };
		A857CC8D09D8FD0A004F0FA6 /* Credits.rtf in Resources */ = {isa = PBXBuildFile; fileRef = F589968102801C730116BBC0 /* Credits.rtf */; };
		A857CC8E09D8FD0A004F0FA6 /* 0.1.8 in Resources */ = {isa = PBXBuildFile; fileRef = A815B41F09D8F5BB009D727E /* 0.1.8 */; };
		A857CC9109D8FD0A004F0FA6 /* main.m in Sources */ = {isa = PBXBuildFile; fileRef = 29B97316FDCFA39411CA2CEA /* main.m */; settings = {ATTRIBUTES = (); }; };
		A857CC9209D8FD0A004F0FA6 /* UpdaterObject.m in Sources */ = {isa = PBXBuildFile; fileRef = F589968402801DD10116BBC0 /* UpdaterObject.m */; };
		A857CC9409D8FD0A004F0FA6 /* Cocoa.framework in Frameworks */ = {isa = PBXBuildFile; fileRef = 1058C7A1FEA54F0111CA2CBB /* Cocoa.framework */; };
/* End PBXBuildFile section */

/* Begin PBXBuildStyle section */
		4A9504CCFFE6A4B311CA0CBA /* Development */ = {
			isa = PBXBuildStyle;
			buildSettings = {
				COPY_PHASE_STRIP = NO;
				DEBUGGING_SYMBOLS = YES;
				GCC_DYNAMIC_NO_PIC = NO;
				GCC_ENABLE_FIX_AND_CONTINUE = YES;
				GCC_GENERATE_DEBUGGING_SYMBOLS = YES;
				GCC_OPTIMIZATION_LEVEL = 0;
				OPTIMIZATION_CFLAGS = "-O0";
				ZERO_LINK = YES;
			};
			name = Development;
		};
		4A9504CDFFE6A4B311CA0CBA /* Deployment */ = {
			isa = PBXBuildStyle;
			buildSettings = {
				COPY_PHASE_STRIP = YES;
				DEBUGGING_SYMBOLS = NO;
				GCC_ENABLE_FIX_AND_CONTINUE = NO;
				OPTIMIZATION_CFLAGS = "-O3";
				ZERO_LINK = NO;
			};
			name = Deployment;
		};
/* End PBXBuildStyle section */

/* Begin PBXFileReference section */
		1058C7A1FEA54F0111CA2CBB /* Cocoa.framework */ = {isa = PBXFileReference; lastKnownFileType = wrapper.framework; name = Cocoa.framework; path = /System/Library/Frameworks/Cocoa.framework; sourceTree = "<absolute>"; };
		29B97316FDCFA39411CA2CEA /* main.m */ = {isa = PBXFileReference; lastKnownFileType = sourcecode.c.objc; path = main.m; sourceTree = "<group>"; };
		29B97319FDCFA39411CA2CEA /* English */ = {isa = PBXFileReference; lastKnownFileType = wrapper.nib; name = English; path = English.lproj/MainMenu.nib; sourceTree = "<group>"; };
		29B97324FDCFA39411CA2CEA /* AppKit.framework */ = {isa = PBXFileReference; lastKnownFileType = wrapper.framework; name = AppKit.framework; path = /System/Library/Frameworks/AppKit.framework; sourceTree = "<absolute>"; };
		29B97325FDCFA39411CA2CEA /* Foundation.framework */ = {isa = PBXFileReference; lastKnownFileType = wrapper.framework; name = Foundation.framework; path = /System/Library/Frameworks/Foundation.framework; sourceTree = "<absolute>"; };
		A815B41F09D8F5BB009D727E /* 0.1.8 */ = {isa = PBXFileReference; lastKnownFileType = folder; path = 0.1.8; sourceTree = "<group>"; };
		A834F6FA09D902660012433B /* Updater.icns */ = {isa = PBXFileReference; lastKnownFileType = image.icns; path = Updater.icns; sourceTree = "<group>"; };
		A857CC9909D8FD0A004F0FA6 /* Info.plist */ = {isa = PBXFileReference; lastKnownFileType = text.xml; path = Info.plist; sourceTree = "<group>"; };
		A857CC9A09D8FD0A004F0FA6 /* Seashore Updater.app */ = {isa = PBXFileReference; explicitFileType = wrapper.application; includeInIndex = 0; path = "Seashore Updater.app"; sourceTree = BUILT_PRODUCTS_DIR; };
		F589968102801C730116BBC0 /* Credits.rtf */ = {isa = PBXFileReference; lastKnownFileType = text.rtf; path = Credits.rtf; sourceTree = "<group>"; };
		F589968302801DD10116BBC0 /* UpdaterObject.h */ = {isa = PBXFileReference; lastKnownFileType = sourcecode.c.h; path = UpdaterObject.h; sourceTree = "<group>"; };
		F589968402801DD10116BBC0 /* UpdaterObject.m */ = {isa = PBXFileReference; lastKnownFileType = sourcecode.c.objc; path = UpdaterObject.m; sourceTree = "<group>"; };
/* End PBXFileReference section */

/* Begin PBXFrameworksBuildPhase section */
		A857CC9309D8FD0A004F0FA6 /* Frameworks */ = {
			isa = PBXFrameworksBuildPhase;
			buildActionMask = 2147483647;
			files = (
				A857CC9409D8FD0A004F0FA6 /* Cocoa.framework in Frameworks */,
			);
			runOnlyForDeploymentPostprocessing = 0;
		};
/* End PBXFrameworksBuildPhase section */

/* Begin PBXGroup section */
		080E96DDFE201D6D7F000001 /* Classes */ = {
			isa = PBXGroup;
			children = (
				F589968302801DD10116BBC0 /* UpdaterObject.h */,
				F589968402801DD10116BBC0 /* UpdaterObject.m */,
			);
			name = Classes;
			sourceTree = "<group>";
		};
		1058C7A0FEA54F0111CA2CBB /* Linked Frameworks */ = {
			isa = PBXGroup;
			children = (
				1058C7A1FEA54F0111CA2CBB /* Cocoa.framework */,
			);
			name = "Linked Frameworks";
			sourceTree = "<group>";
		};
		1058C7A2FEA54F0111CA2CBB /* Other Frameworks */ = {
			isa = PBXGroup;
			children = (
				29B97325FDCFA39411CA2CEA /* Foundation.framework */,
				29B97324FDCFA39411CA2CEA /* AppKit.framework */,
			);
			name = "Other Frameworks";
			sourceTree = "<group>";
		};
		19C28FACFE9D520D11CA2CBB /* Products */ = {
			isa = PBXGroup;
			children = (
				A857CC9A09D8FD0A004F0FA6 /* Seashore Updater.app */,
			);
			name = Products;
			sourceTree = "<group>";
		};
		29B97314FDCFA39411CA2CEA /* Updater */ = {
			isa = PBXGroup;
			children = (
				080E96DDFE201D6D7F000001 /* Classes */,
				29B97315FDCFA39411CA2CEA /* Other Sources */,
				29B97317FDCFA39411CA2CEA /* Resources */,
				29B97323FDCFA39411CA2CEA /* Frameworks */,
				19C28FACFE9D520D11CA2CBB /* Products */,
			);
			name = Updater;
			sourceTree = "<group>";
		};
		29B97315FDCFA39411CA2CEA /* Other Sources */ = {
			isa = PBXGroup;
			children = (
				29B97316FDCFA39411CA2CEA /* main.m */,
			);
			name = "Other Sources";
			sourceTree = "<group>";
		};
		29B97317FDCFA39411CA2CEA /* Resources */ = {
			isa = PBXGroup;
			children = (
				A857CC9909D8FD0A004F0FA6 /* Info.plist */,
				F589968102801C730116BBC0 /* Credits.rtf */,
				A834F6FA09D902660012433B /* Updater.icns */,
				29B97318FDCFA39411CA2CEA /* MainMenu.nib */,
				A815B41F09D8F5BB009D727E /* 0.1.8 */,
			);
			name = Resources;
			sourceTree = "<group>";
		};
		29B97323FDCFA39411CA2CEA /* Frameworks */ = {
			isa = PBXGroup;
			children = (
				1058C7A0FEA54F0111CA2CBB /* Linked Frameworks */,
				1058C7A2FEA54F0111CA2CBB /* Other Frameworks */,
			);
			name = Frameworks;
			sourceTree = "<group>";
		};
/* End PBXGroup section */

/* Begin PBXHeadersBuildPhase section */
		A857CC8909D8FD0A004F0FA6 /* Headers */ = {
			isa = PBXHeadersBuildPhase;
			buildActionMask = 2147483647;
			files = (
				A857CC8A09D8FD0A004F0FA6 /* UpdaterObject.h in Headers */,
			);
			runOnlyForDeploymentPostprocessing = 0;
		};
/* End PBXHeadersBuildPhase section */

/* Begin PBXNativeTarget section */
		A857CC8809D8FD0A004F0FA6 /* Updater */ = {
			isa = PBXNativeTarget;
			buildConfigurationList = A857CC9509D8FD0A004F0FA6 /* Build configuration list for PBXNativeTarget "Updater" */;
			buildPhases = (
				A857CC8909D8FD0A004F0FA6 /* Headers */,
				A857CC8B09D8FD0A004F0FA6 /* Resources */,
				A857CC9009D8FD0A004F0FA6 /* Sources */,
				A857CC9309D8FD0A004F0FA6 /* Frameworks */,
			);
			buildRules = (
			);
			buildSettings = {
				FRAMEWORK_SEARCH_PATHS = "";
				HEADER_SEARCH_PATHS = "";
				INSTALL_PATH = "$(HOME)/Applications";
				LIBRARY_SEARCH_PATHS = "";
				OTHER_CFLAGS = "";
				OTHER_LDFLAGS = "";
				PRODUCT_NAME = "Seashore Updater";
				SECTORDER_FLAGS = "";
				WARNING_CFLAGS = (
					"-Wmost",
					"-Wno-four-char-constants",
					"-Wno-unknown-pragmas",
				);
				WRAPPER_EXTENSION = app;
			};
			dependencies = (
			);
			name = Updater;
			productInstallPath = "$(HOME)/Applications";
			productName = Updater;
			productReference = A857CC9A09D8FD0A004F0FA6 /* Seashore Updater.app */;
			productType = "com.apple.product-type.application";
		};
/* End PBXNativeTarget section */

/* Begin PBXProject section */
		29B97313FDCFA39411CA2CEA /* Project object */ = {
			isa = PBXProject;
			buildConfigurationList = A815B41609D8F574009D727E /* Build configuration list for PBXProject "Updater" */;
			buildSettings = {
			};
			buildStyles = (
				4A9504CCFFE6A4B311CA0CBA /* Development */,
				4A9504CDFFE6A4B311CA0CBA /* Deployment */,
			);
			hasScannedForEncodings = 0;
			mainGroup = 29B97314FDCFA39411CA2CEA /* Updater */;
			projectDirPath = "";
			targets = (
				A857CC8809D8FD0A004F0FA6 /* Updater */,
			);
		};
/* End PBXProject section */

/* Begin PBXResourcesBuildPhase section */
		A857CC8B09D8FD0A004F0FA6 /* Resources */ = {
			isa = PBXResourcesBuildPhase;
			buildActionMask = 2147483647;
			files = (
				A857CC8C09D8FD0A004F0FA6 /* MainMenu.nib in Resources */,
				A857CC8D09D8FD0A004F0FA6 /* Credits.rtf in Resources */,
				A857CC8E09D8FD0A004F0FA6 /* 0.1.8 in Resources */,
				A834F6FB09D902660012433B /* Updater.icns in Resources */,
			);
			runOnlyForDeploymentPostprocessing = 0;
		};
/* End PBXResourcesBuildPhase section */

/* Begin PBXSourcesBuildPhase section */
		A857CC9009D8FD0A004F0FA6 /* Sources */ = {
			isa = PBXSourcesBuildPhase;
			buildActionMask = 2147483647;
			files = (
				A857CC9109D8FD0A004F0FA6 /* main.m in Sources */,
				A857CC9209D8FD0A004F0FA6 /* UpdaterObject.m in Sources */,
			);
			runOnlyForDeploymentPostprocessing = 0;
		};
/* End PBXSourcesBuildPhase section */

/* Begin PBXVariantGroup section */
		29B97318FDCFA39411CA2CEA /* MainMenu.nib */ = {
			isa = PBXVariantGroup;
			children = (
				29B97319FDCFA39411CA2CEA /* English */,
			);
			name = MainMenu.nib;
			sourceTree = "<group>";
		};
/* End PBXVariantGroup section */

/* Begin XCBuildConfiguration section */
		A815B41709D8F574009D727E /* Development (Native) */ = {
			isa = XCBuildConfiguration;
			buildSettings = {
				SDKROOT = /Developer/SDKs/MacOSX10.4u.sdk;
			};
			name = "Development (Native)";
		};
		A815B41809D8F574009D727E /* Deployment (Universal) */ = {
			isa = XCBuildConfiguration;
			buildSettings = {
				SDKROOT = /Developer/SDKs/MacOSX10.4u.sdk;
			};
			name = "Deployment (Universal)";
		};
		A815B41909D8F574009D727E /* Deployment (Native) */ = {
			isa = XCBuildConfiguration;
			buildSettings = {
				SDKROOT = /Developer/SDKs/MacOSX10.4u.sdk;
			};
			name = "Deployment (Native)";
		};
		A857CC9609D8FD0A004F0FA6 /* Development (Native) */ = {
			isa = XCBuildConfiguration;
			buildSettings = {
				COPY_PHASE_STRIP = NO;
				GCC_DYNAMIC_NO_PIC = NO;
				GCC_ENABLE_FIX_AND_CONTINUE = YES;
				GCC_GENERATE_DEBUGGING_SYMBOLS = YES;
				GCC_OPTIMIZATION_LEVEL = 0;
				GCC_VERSION_i386 = 4.0;
				GCC_VERSION_ppc = 3.3;
				INFOPLIST_FILE = Info.plist;
				INSTALL_PATH = "$(HOME)/Applications";
				PREBINDING = NO;
				PRODUCT_NAME = "Seashore Updater";
				WARNING_CFLAGS = (
					"-Wmost",
					"-Wno-four-char-constants",
					"-Wno-unknown-pragmas",
				);
				WRAPPER_EXTENSION = app;
				ZERO_LINK = YES;
			};
			name = "Development (Native)";
		};
		A857CC9709D8FD0A004F0FA6 /* Deployment (Universal) */ = {
			isa = XCBuildConfiguration;
			buildSettings = {
				ARCHS = (
					ppc,
					i386,
				);
				COPY_PHASE_STRIP = YES;
				GCC_GENERATE_DEBUGGING_SYMBOLS = NO;
				GCC_VERSION_i386 = 4.0;
				GCC_VERSION_ppc = 3.3;
				INFOPLIST_FILE = Info.plist;
				INSTALL_PATH = "$(HOME)/Applications";
				PREBINDING = NO;
				PRODUCT_NAME = "Seashore Updater";
				WARNING_CFLAGS = (
					"-Wmost",
					"-Wno-four-char-constants",
					"-Wno-unknown-pragmas",
				);
				WRAPPER_EXTENSION = app;
			};
			name = "Deployment (Universal)";
		};
		A857CC9809D8FD0A004F0FA6 /* Deployment (Native) */ = {
			isa = XCBuildConfiguration;
			buildSettings = {
				COPY_PHASE_STRIP = YES;
				GCC_GENERATE_DEBUGGING_SYMBOLS = NO;
				GCC_VERSION_i386 = 4.0;
				GCC_VERSION_ppc = 3.3;
				INFOPLIST_FILE = Info.plist;
				INSTALL_PATH = "$(HOME)/Applications";
				PREBINDING = NO;
				PRODUCT_NAME = "Seashore Updater";
				WARNING_CFLAGS = (
					"-Wmost",
					"-Wno-four-char-constants",
					"-Wno-unknown-pragmas",
				);
				WRAPPER_EXTENSION = app;
			};
			name = "Deployment (Native)";
		};
/* End XCBuildConfiguration section */

/* Begin XCConfigurationList section */
		A815B41609D8F574009D727E /* Build configuration list for PBXProject "Updater" */ = {
			isa = XCConfigurationList;
			buildConfigurations = (
				A815B41709D8F574009D727E /* Development (Native) */,
				A815B41809D8F574009D727E /* Deployment (Universal) */,
				A815B41909D8F574009D727E /* Deployment (Native) */,
			);
			defaultConfigurationIsVisible = 0;
			defaultConfigurationName = "Deployment (Universal)";
		};
		A857CC9509D8FD0A004F0FA6 /* Build configuration list for PBXNativeTarget "Updater" */ = {
			isa = XCConfigurationList;
			buildConfigurations = (
				A857CC9609D8FD0A004F0FA6 /* Development (Native) */,
				A857CC9709D8FD0A004F0FA6 /* Deployment (Universal) */,
				A857CC9809D8FD0A004F0FA6 /* Deployment (Native) */,
			);
			defaultConfigurationIsVisible = 0;
			defaultConfigurationName = "Deployment (Universal)";
		};
/* End XCConfigurationList section */
	};
	rootObject = 29B97313FDCFA39411CA2CEA /* Project object */;
}
