// !$*UTF8*$!
{
	archiveVersion = 1;
	classes = {
	};
	objectVersion = 46;
	objects = {

/* Begin PBXBuildFile section */
		2B8BD49B21ECEAF300FD9AC5 /* Plugins.framework in Frameworks */ = {isa = PBXBuildFile; fileRef = 2B8BD49821ECEAF300FD9AC5 /* Plugins.framework */; };
		2B8BD49C21ECEAF300FD9AC5 /* Cocoa.framework in Frameworks */ = {isa = PBXBuildFile; fileRef = 2B8BD49921ECEAF300FD9AC5 /* Cocoa.framework */; };
		2B8BD49D21ECEAF300FD9AC5 /* QuartzCore.framework in Frameworks */ = {isa = PBXBuildFile; fileRef = 2B8BD49A21ECEAF300FD9AC5 /* QuartzCore.framework */; };
		A831E1410789471D0009080F /* Localizable.strings in Resources */ = {isa = PBXBuildFile; fileRef = A831E13F0789471D0009080F /* Localizable.strings */; };
		A8A34F200C0C5E9300A5CF41 /* CIZoomBlurClass.m in Sources */ = {isa = PBXBuildFile; fileRef = A8A34F1F0C0C5E9300A5CF41 /* CIZoomBlurClass.m */; };
/* End PBXBuildFile section */

/* Begin PBXFileReference section */
		2B8BD49821ECEAF300FD9AC5 /* Plugins.framework */ = {isa = PBXFileReference; lastKnownFileType = wrapper.framework; path = Plugins.framework; sourceTree = BUILT_PRODUCTS_DIR; };
		2B8BD49921ECEAF300FD9AC5 /* Cocoa.framework */ = {isa = PBXFileReference; lastKnownFileType = wrapper.framework; name = Cocoa.framework; path = System/Library/Frameworks/Cocoa.framework; sourceTree = SDKROOT; };
		2B8BD49A21ECEAF300FD9AC5 /* QuartzCore.framework */ = {isa = PBXFileReference; lastKnownFileType = wrapper.framework; name = QuartzCore.framework; path = System/Library/Frameworks/QuartzCore.framework; sourceTree = SDKROOT; };
		551068BC24A9B2F3004C2486 /* Seashore.xcconfig */ = {isa = PBXFileReference; lastKnownFileType = text.xcconfig; name = Seashore.xcconfig; path = ../../Seashore.xcconfig; sourceTree = "<group>"; };
		8D5B49B6048680CD000E48DA /* ZoomBlur+.bundle */ = {isa = PBXFileReference; explicitFileType = wrapper.cfbundle; includeInIndex = 0; path = "ZoomBlur+.bundle"; sourceTree = BUILT_PRODUCTS_DIR; };
		8D5B49B7048680CD000E48DA /* Info.plist */ = {isa = PBXFileReference; fileEncoding = 4; lastKnownFileType = text.plist.xml; path = Info.plist; sourceTree = "<group>"; };
		A831E1400789471D0009080F /* en */ = {isa = PBXFileReference; fileEncoding = 4; lastKnownFileType = text.plist.strings; name = en; path = en.lproj/Localizable.strings; sourceTree = "<group>"; };
		A8A34F1E0C0C5E9300A5CF41 /* CIZoomBlurClass.h */ = {isa = PBXFileReference; fileEncoding = 30; lastKnownFileType = sourcecode.c.h; path = CIZoomBlurClass.h; sourceTree = "<group>"; };
		A8A34F1F0C0C5E9300A5CF41 /* CIZoomBlurClass.m */ = {isa = PBXFileReference; fileEncoding = 30; lastKnownFileType = sourcecode.c.objc; path = CIZoomBlurClass.m; sourceTree = "<group>"; };
/* End PBXFileReference section */

/* Begin PBXFrameworksBuildPhase section */
		8D5B49B3048680CD000E48DA /* Frameworks */ = {
			isa = PBXFrameworksBuildPhase;
			buildActionMask = 2147483647;
			files = (
				2B8BD49C21ECEAF300FD9AC5 /* Cocoa.framework in Frameworks */,
				2B8BD49B21ECEAF300FD9AC5 /* Plugins.framework in Frameworks */,
				2B8BD49D21ECEAF300FD9AC5 /* QuartzCore.framework in Frameworks */,
			);
			runOnlyForDeploymentPostprocessing = 0;
		};
/* End PBXFrameworksBuildPhase section */

/* Begin PBXGroup section */
		089C166AFE841209C02AAC07 /* CICrystallize */ = {
			isa = PBXGroup;
			children = (
				551068BC24A9B2F3004C2486 /* Seashore.xcconfig */,
				08FB77AFFE84173DC02AAC07 /* Classes */,
				089C167CFE841241C02AAC07 /* Resources */,
				19C28FB8FE9D52D311CA2CBB /* Products */,
				2B1F6C7421D7E1BB00D6F371 /* Frameworks */,
			);
			name = CICrystallize;
			sourceTree = "<group>";
		};
		089C167CFE841241C02AAC07 /* Resources */ = {
			isa = PBXGroup;
			children = (
				8D5B49B7048680CD000E48DA /* Info.plist */,
				A831E13F0789471D0009080F /* Localizable.strings */,
			);
			name = Resources;
			sourceTree = "<group>";
		};
		08FB77AFFE84173DC02AAC07 /* Classes */ = {
			isa = PBXGroup;
			children = (
				A8A34F1E0C0C5E9300A5CF41 /* CIZoomBlurClass.h */,
				A8A34F1F0C0C5E9300A5CF41 /* CIZoomBlurClass.m */,
			);
			name = Classes;
			sourceTree = "<group>";
		};
		19C28FB8FE9D52D311CA2CBB /* Products */ = {
			isa = PBXGroup;
			children = (
				8D5B49B6048680CD000E48DA /* ZoomBlur+.bundle */,
			);
			name = Products;
			sourceTree = "<group>";
		};
		2B1F6C7421D7E1BB00D6F371 /* Frameworks */ = {
			isa = PBXGroup;
			children = (
				2B8BD49921ECEAF300FD9AC5 /* Cocoa.framework */,
				2B8BD49A21ECEAF300FD9AC5 /* QuartzCore.framework */,
				2B8BD49821ECEAF300FD9AC5 /* Plugins.framework */,
			);
			name = Frameworks;
			sourceTree = "<group>";
		};
/* End PBXGroup section */

/* Begin PBXNativeTarget section */
		8D5B49AC048680CD000E48DA /* ZoomBlur+ */ = {
			isa = PBXNativeTarget;
			buildConfigurationList = A8F2BD590BCD1EE6001DB353 /* Build configuration list for PBXNativeTarget "ZoomBlur+" */;
			buildPhases = (
				8D5B49AF048680CD000E48DA /* Resources */,
				8D5B49B1048680CD000E48DA /* Sources */,
				8D5B49B3048680CD000E48DA /* Frameworks */,
			);
			buildRules = (
			);
			dependencies = (
			);
			name = "ZoomBlur+";
			productInstallPath = "$(HOME)/Library/Bundles";
			productName = CICrystallize;
			productReference = 8D5B49B6048680CD000E48DA /* ZoomBlur+.bundle */;
			productType = "com.apple.product-type.bundle";
		};
/* End PBXNativeTarget section */

/* Begin PBXProject section */
		089C1669FE841209C02AAC07 /* Project object */ = {
			isa = PBXProject;
			attributes = {
				LastUpgradeCheck = 1130;
			};
			buildConfigurationList = A8F2BD5D0BCD1EE6001DB353 /* Build configuration list for PBXProject "CIZoomBlur" */;
			compatibilityVersion = "Xcode 3.2";
			developmentRegion = en;
			hasScannedForEncodings = 1;
			knownRegions = (
				en,
			);
			mainGroup = 089C166AFE841209C02AAC07 /* CICrystallize */;
			projectDirPath = "";
			projectRoot = "";
			targets = (
				8D5B49AC048680CD000E48DA /* ZoomBlur+ */,
			);
		};
/* End PBXProject section */

/* Begin PBXResourcesBuildPhase section */
		8D5B49AF048680CD000E48DA /* Resources */ = {
			isa = PBXResourcesBuildPhase;
			buildActionMask = 2147483647;
			files = (
				A831E1410789471D0009080F /* Localizable.strings in Resources */,
			);
			runOnlyForDeploymentPostprocessing = 0;
		};
/* End PBXResourcesBuildPhase section */

/* Begin PBXSourcesBuildPhase section */
		8D5B49B1048680CD000E48DA /* Sources */ = {
			isa = PBXSourcesBuildPhase;
			buildActionMask = 2147483647;
			files = (
				A8A34F200C0C5E9300A5CF41 /* CIZoomBlurClass.m in Sources */,
			);
			runOnlyForDeploymentPostprocessing = 0;
		};
/* End PBXSourcesBuildPhase section */

/* Begin PBXVariantGroup section */
		A831E13F0789471D0009080F /* Localizable.strings */ = {
			isa = PBXVariantGroup;
			children = (
				A831E1400789471D0009080F /* en */,
			);
			name = Localizable.strings;
			sourceTree = "<group>";
		};
/* End PBXVariantGroup section */

/* Begin XCBuildConfiguration section */
		2B1F6BF921D7D99B00D6F371 /* Debug */ = {
			isa = XCBuildConfiguration;
			baseConfigurationReference = 551068BC24A9B2F3004C2486 /* Seashore.xcconfig */;
			buildSettings = {
				CLANG_ANALYZER_LOCALIZABILITY_NONLOCALIZED = YES;
				CLANG_WARN_BLOCK_CAPTURE_AUTORELEASING = YES;
				CLANG_WARN_BOOL_CONVERSION = YES;
				CLANG_WARN_COMMA = YES;
				CLANG_WARN_CONSTANT_CONVERSION = YES;
				CLANG_WARN_DEPRECATED_OBJC_IMPLEMENTATIONS = YES;
				CLANG_WARN_EMPTY_BODY = YES;
				CLANG_WARN_ENUM_CONVERSION = YES;
				CLANG_WARN_INFINITE_RECURSION = YES;
				CLANG_WARN_INT_CONVERSION = YES;
				CLANG_WARN_NON_LITERAL_NULL_CONVERSION = YES;
				CLANG_WARN_OBJC_IMPLICIT_RETAIN_SELF = YES;
				CLANG_WARN_OBJC_LITERAL_CONVERSION = YES;
				CLANG_WARN_RANGE_LOOP_ANALYSIS = YES;
				CLANG_WARN_STRICT_PROTOTYPES = YES;
				CLANG_WARN_SUSPICIOUS_MOVE = YES;
				CLANG_WARN_UNREACHABLE_CODE = YES;
				CLANG_WARN__DUPLICATE_METHOD_MATCH = YES;
				DEBUG_INFORMATION_FORMAT = dwarf;
				ENABLE_STRICT_OBJC_MSGSEND = YES;
				ENABLE_TESTABILITY = YES;
				GCC_NO_COMMON_BLOCKS = YES;
				GCC_OPTIMIZATION_LEVEL = 0;
				GCC_WARN_64_TO_32_BIT_CONVERSION = YES;
				GCC_WARN_ABOUT_RETURN_TYPE = YES;
				GCC_WARN_UNDECLARED_SELECTOR = YES;
				GCC_WARN_UNINITIALIZED_AUTOS = YES;
				GCC_WARN_UNUSED_FUNCTION = YES;
				GCC_WARN_UNUSED_VARIABLE = YES;
				ONLY_ACTIVE_ARCH = YES;
				SDKROOT = macosx;
			};
			name = Debug;
		};
		2B1F6BFA21D7D99B00D6F371 /* Debug */ = {
			isa = XCBuildConfiguration;
			buildSettings = {
				CLANG_ENABLE_OBJC_ARC = YES;
				CLANG_ENABLE_OBJC_WEAK = YES;
				COPY_PHASE_STRIP = NO;
				GCC_AUTO_VECTORIZATION = YES;
				GCC_DYNAMIC_NO_PIC = NO;
				GCC_ENABLE_OBJC_EXCEPTIONS = YES;
				GCC_GENERATE_DEBUGGING_SYMBOLS = YES;
				GCC_OPTIMIZATION_LEVEL = 0;
				GCC_VERSION = com.apple.compilers.llvm.clang.1_0;
				INFOPLIST_FILE = Info.plist;
				OTHER_CFLAGS = "-DDEBUG";
				PRODUCT_BUNDLE_IDENTIFIER = app.seashore.ZoomBlurPlus;
				PRODUCT_NAME = "ZoomBlur+";
				WRAPPER_EXTENSION = bundle;
				ZERO_LINK = YES;
			};
			name = Debug;
		};
		2B1F6BFB21D7D99F00D6F371 /* Release */ = {
			isa = XCBuildConfiguration;
			baseConfigurationReference = 551068BC24A9B2F3004C2486 /* Seashore.xcconfig */;
			buildSettings = {
				CLANG_ANALYZER_LOCALIZABILITY_NONLOCALIZED = YES;
				CLANG_WARN_BLOCK_CAPTURE_AUTORELEASING = YES;
				CLANG_WARN_BOOL_CONVERSION = YES;
				CLANG_WARN_COMMA = YES;
				CLANG_WARN_CONSTANT_CONVERSION = YES;
				CLANG_WARN_DEPRECATED_OBJC_IMPLEMENTATIONS = YES;
				CLANG_WARN_EMPTY_BODY = YES;
				CLANG_WARN_ENUM_CONVERSION = YES;
				CLANG_WARN_INFINITE_RECURSION = YES;
				CLANG_WARN_INT_CONVERSION = YES;
				CLANG_WARN_NON_LITERAL_NULL_CONVERSION = YES;
				CLANG_WARN_OBJC_IMPLICIT_RETAIN_SELF = YES;
				CLANG_WARN_OBJC_LITERAL_CONVERSION = YES;
				CLANG_WARN_RANGE_LOOP_ANALYSIS = YES;
				CLANG_WARN_STRICT_PROTOTYPES = YES;
				CLANG_WARN_SUSPICIOUS_MOVE = YES;
				CLANG_WARN_UNREACHABLE_CODE = YES;
				CLANG_WARN__DUPLICATE_METHOD_MATCH = YES;
				DEBUG_INFORMATION_FORMAT = "dwarf-with-dsym";
				ENABLE_STRICT_OBJC_MSGSEND = YES;
				GCC_NO_COMMON_BLOCKS = YES;
				GCC_WARN_64_TO_32_BIT_CONVERSION = YES;
				GCC_WARN_ABOUT_RETURN_TYPE = YES;
				GCC_WARN_UNDECLARED_SELECTOR = YES;
				GCC_WARN_UNINITIALIZED_AUTOS = YES;
				GCC_WARN_UNUSED_FUNCTION = YES;
				GCC_WARN_UNUSED_VARIABLE = YES;
				SDKROOT = macosx;
			};
			name = Release;
		};
		2B1F6BFC21D7D99F00D6F371 /* Release */ = {
			isa = XCBuildConfiguration;
			buildSettings = {
				CLANG_ENABLE_OBJC_ARC = YES;
				CLANG_ENABLE_OBJC_WEAK = YES;
				GCC_AUTO_VECTORIZATION = YES;
				GCC_ENABLE_OBJC_EXCEPTIONS = YES;
				GCC_GENERATE_DEBUGGING_SYMBOLS = NO;
				GCC_OPTIMIZATION_LEVEL = 3;
				GCC_VERSION = com.apple.compilers.llvm.clang.1_0;
				INFOPLIST_FILE = Info.plist;
				PRODUCT_BUNDLE_IDENTIFIER = app.seashore.ZoomBlurPlus;
				PRODUCT_NAME = "ZoomBlur+";
				WRAPPER_EXTENSION = bundle;
			};
			name = Release;
		};
/* End XCBuildConfiguration section */

/* Begin XCConfigurationList section */
		A8F2BD590BCD1EE6001DB353 /* Build configuration list for PBXNativeTarget "ZoomBlur+" */ = {
			isa = XCConfigurationList;
			buildConfigurations = (
				2B1F6BFA21D7D99B00D6F371 /* Debug */,
				2B1F6BFC21D7D99F00D6F371 /* Release */,
			);
			defaultConfigurationIsVisible = 0;
			defaultConfigurationName = Release;
		};
		A8F2BD5D0BCD1EE6001DB353 /* Build configuration list for PBXProject "CIZoomBlur" */ = {
			isa = XCConfigurationList;
			buildConfigurations = (
				2B1F6BF921D7D99B00D6F371 /* Debug */,
				2B1F6BFB21D7D99F00D6F371 /* Release */,
			);
			defaultConfigurationIsVisible = 0;
			defaultConfigurationName = Release;
		};
/* End XCConfigurationList section */
	};
	rootObject = 089C1669FE841209C02AAC07 /* Project object */;
}
