// !$*UTF8*$!
{
	archiveVersion = 1;
	classes = {
	};
	objectVersion = 42;
	objects = {

/* Begin PBXBuildFile section */
		2B1F6C5C21D7DF9900D6F371 /* Plugins.framework in Frameworks */ = {isa = PBXBuildFile; fileRef = 2B1F6C5A21D7DF9600D6F371 /* Plugins.framework */; };
		8D5B49B4048680CD000E48DA /* Cocoa.framework in Frameworks */ = {isa = PBXBuildFile; fileRef = 1058C7ADFEA557BF11CA2CBB /* Cocoa.framework */; };
		A8080E600C07CE020026D06E /* CIDisplacementDistortionClass.m in Sources */ = {isa = PBXBuildFile; fileRef = A8080E5E0C07CE020026D06E /* CIDisplacementDistortionClass.m */; };
		A80810B10C07D6960026D06E /* default-distort.tiff in Resources */ = {isa = PBXBuildFile; fileRef = A80810B00C07D6960026D06E /* default-distort.tiff */; };
		A831E1410789471D0009080F /* Localizable.strings in Resources */ = {isa = PBXBuildFile; fileRef = A831E13F0789471D0009080F /* Localizable.strings */; };
		A89CC2C409A9DF410072B19D /* QuartzCore.framework in Frameworks */ = {isa = PBXBuildFile; fileRef = A89CC2C309A9DF410072B19D /* QuartzCore.framework */; };
		A89CC46909A9E07A0072B19D /* ApplicationServices.framework in Frameworks */ = {isa = PBXBuildFile; fileRef = A89CC46809A9E07A0072B19D /* ApplicationServices.framework */; };
		A8CA58350793689B004BE921 /* CIDisplacementDistortion.nib in Resources */ = {isa = PBXBuildFile; fileRef = A8CA58330793689B004BE921 /* CIDisplacementDistortion.nib */; };
/* End PBXBuildFile section */

/* Begin PBXFileReference section */
		089C1672FE841209C02AAC07 /* Foundation.framework */ = {isa = PBXFileReference; lastKnownFileType = wrapper.framework; name = Foundation.framework; path = /System/Library/Frameworks/Foundation.framework; sourceTree = "<absolute>"; };
		089C167FFE841241C02AAC07 /* AppKit.framework */ = {isa = PBXFileReference; lastKnownFileType = wrapper.framework; name = AppKit.framework; path = /System/Library/Frameworks/AppKit.framework; sourceTree = "<absolute>"; };
		1058C7ADFEA557BF11CA2CBB /* Cocoa.framework */ = {isa = PBXFileReference; lastKnownFileType = wrapper.framework; name = Cocoa.framework; path = /System/Library/Frameworks/Cocoa.framework; sourceTree = "<absolute>"; };
		2B1F6C5A21D7DF9600D6F371 /* Plugins.framework */ = {isa = PBXFileReference; explicitFileType = wrapper.framework; path = Plugins.framework; sourceTree = BUILT_PRODUCTS_DIR; };
		2BDB90842183608F000D7803 /* Base */ = {isa = PBXFileReference; lastKnownFileType = wrapper.nib; name = Base; path = Base.lproj/CIDisplacementDistortion.nib; sourceTree = "<group>"; };
		8D5B49B6048680CD000E48DA /* DisplacementDistortion+.bundle */ = {isa = PBXFileReference; explicitFileType = wrapper.cfbundle; includeInIndex = 0; path = "DisplacementDistortion+.bundle"; sourceTree = BUILT_PRODUCTS_DIR; };
		8D5B49B7048680CD000E48DA /* Info.plist */ = {isa = PBXFileReference; fileEncoding = 4; lastKnownFileType = text.plist.xml; path = Info.plist; sourceTree = "<group>"; };
		A8080E5E0C07CE020026D06E /* CIDisplacementDistortionClass.m */ = {isa = PBXFileReference; fileEncoding = 30; lastKnownFileType = sourcecode.c.objc; path = CIDisplacementDistortionClass.m; sourceTree = "<group>"; };
		A8080E5F0C07CE020026D06E /* CIDisplacementDistortionClass.h */ = {isa = PBXFileReference; fileEncoding = 30; lastKnownFileType = sourcecode.c.h; path = CIDisplacementDistortionClass.h; sourceTree = "<group>"; };
		A80810B00C07D6960026D06E /* default-distort.tiff */ = {isa = PBXFileReference; lastKnownFileType = image.tiff; path = "default-distort.tiff"; sourceTree = "<group>"; };
		A831E1400789471D0009080F /* English */ = {isa = PBXFileReference; fileEncoding = 4; lastKnownFileType = text.plist.strings; name = English; path = English.lproj/Localizable.strings; sourceTree = "<group>"; };
		A89CC2C309A9DF410072B19D /* QuartzCore.framework */ = {isa = PBXFileReference; lastKnownFileType = wrapper.framework; name = QuartzCore.framework; path = /System/Library/Frameworks/QuartzCore.framework; sourceTree = "<absolute>"; };
		A89CC46809A9E07A0072B19D /* ApplicationServices.framework */ = {isa = PBXFileReference; lastKnownFileType = wrapper.framework; name = ApplicationServices.framework; path = /System/Library/Frameworks/ApplicationServices.framework; sourceTree = "<absolute>"; };
/* End PBXFileReference section */

/* Begin PBXFrameworksBuildPhase section */
		8D5B49B3048680CD000E48DA /* Frameworks */ = {
			isa = PBXFrameworksBuildPhase;
			buildActionMask = 2147483647;
			files = (
				2B1F6C5C21D7DF9900D6F371 /* Plugins.framework in Frameworks */,
				8D5B49B4048680CD000E48DA /* Cocoa.framework in Frameworks */,
				A89CC2C409A9DF410072B19D /* QuartzCore.framework in Frameworks */,
				A89CC46909A9E07A0072B19D /* ApplicationServices.framework in Frameworks */,
			);
			runOnlyForDeploymentPostprocessing = 0;
		};
/* End PBXFrameworksBuildPhase section */

/* Begin PBXGroup section */
		089C166AFE841209C02AAC07 /* CICrystallize */ = {
			isa = PBXGroup;
			children = (
				08FB77AFFE84173DC02AAC07 /* Classes */,
				089C167CFE841241C02AAC07 /* Resources */,
				089C1671FE841209C02AAC07 /* Frameworks and Libraries */,
				19C28FB8FE9D52D311CA2CBB /* Products */,
				2B1F6C5B21D7DF9900D6F371 /* Frameworks */,
			);
			name = CICrystallize;
			sourceTree = "<group>";
		};
		089C1671FE841209C02AAC07 /* Frameworks and Libraries */ = {
			isa = PBXGroup;
			children = (
				1058C7ACFEA557BF11CA2CBB /* Linked Frameworks */,
				1058C7AEFEA557BF11CA2CBB /* Other Frameworks */,
			);
			name = "Frameworks and Libraries";
			sourceTree = "<group>";
		};
		089C167CFE841241C02AAC07 /* Resources */ = {
			isa = PBXGroup;
			children = (
				A8CA58330793689B004BE921 /* CIDisplacementDistortion.nib */,
				A80810B00C07D6960026D06E /* default-distort.tiff */,
				8D5B49B7048680CD000E48DA /* Info.plist */,
				A831E13F0789471D0009080F /* Localizable.strings */,
			);
			name = Resources;
			sourceTree = "<group>";
		};
		08FB77AFFE84173DC02AAC07 /* Classes */ = {
			isa = PBXGroup;
			children = (
				A8080E5F0C07CE020026D06E /* CIDisplacementDistortionClass.h */,
				A8080E5E0C07CE020026D06E /* CIDisplacementDistortionClass.m */,
			);
			name = Classes;
			sourceTree = "<group>";
		};
		1058C7ACFEA557BF11CA2CBB /* Linked Frameworks */ = {
			isa = PBXGroup;
			children = (
				2B1F6C5A21D7DF9600D6F371 /* Plugins.framework */,
				A89CC46809A9E07A0072B19D /* ApplicationServices.framework */,
				A89CC2C309A9DF410072B19D /* QuartzCore.framework */,
				1058C7ADFEA557BF11CA2CBB /* Cocoa.framework */,
			);
			name = "Linked Frameworks";
			sourceTree = "<group>";
		};
		1058C7AEFEA557BF11CA2CBB /* Other Frameworks */ = {
			isa = PBXGroup;
			children = (
				089C1672FE841209C02AAC07 /* Foundation.framework */,
				089C167FFE841241C02AAC07 /* AppKit.framework */,
			);
			name = "Other Frameworks";
			sourceTree = "<group>";
		};
		19C28FB8FE9D52D311CA2CBB /* Products */ = {
			isa = PBXGroup;
			children = (
				8D5B49B6048680CD000E48DA /* DisplacementDistortion+.bundle */,
			);
			name = Products;
			sourceTree = "<group>";
		};
		2B1F6C5B21D7DF9900D6F371 /* Frameworks */ = {
			isa = PBXGroup;
			children = (
			);
			name = Frameworks;
			sourceTree = "<group>";
		};
/* End PBXGroup section */

/* Begin PBXNativeTarget section */
		8D5B49AC048680CD000E48DA /* DisplacementDistortion+ */ = {
			isa = PBXNativeTarget;
			buildConfigurationList = A8F2BD590BCD1EE6001DB353 /* Build configuration list for PBXNativeTarget "DisplacementDistortion+" */;
			buildPhases = (
				8D5B49AF048680CD000E48DA /* Resources */,
				8D5B49B1048680CD000E48DA /* Sources */,
				8D5B49B3048680CD000E48DA /* Frameworks */,
			);
			buildRules = (
			);
			dependencies = (
			);
			name = "DisplacementDistortion+";
			productInstallPath = "$(HOME)/Library/Bundles";
			productName = CICrystallize;
			productReference = 8D5B49B6048680CD000E48DA /* DisplacementDistortion+.bundle */;
			productType = "com.apple.product-type.bundle";
		};
/* End PBXNativeTarget section */

/* Begin PBXProject section */
		089C1669FE841209C02AAC07 /* Project object */ = {
			isa = PBXProject;
			attributes = {
				LastUpgradeCheck = 1000;
			};
			buildConfigurationList = A8F2BD5D0BCD1EE6001DB353 /* Build configuration list for PBXProject "CIDisplacementDistortion" */;
			compatibilityVersion = "Xcode 2.4";
			developmentRegion = en;
			hasScannedForEncodings = 1;
			knownRegions = (
				en,
				Base,
			);
			mainGroup = 089C166AFE841209C02AAC07 /* CICrystallize */;
			projectDirPath = "";
			projectRoot = "";
			targets = (
				8D5B49AC048680CD000E48DA /* DisplacementDistortion+ */,
			);
		};
/* End PBXProject section */

/* Begin PBXResourcesBuildPhase section */
		8D5B49AF048680CD000E48DA /* Resources */ = {
			isa = PBXResourcesBuildPhase;
			buildActionMask = 2147483647;
			files = (
				A831E1410789471D0009080F /* Localizable.strings in Resources */,
				A8CA58350793689B004BE921 /* CIDisplacementDistortion.nib in Resources */,
				A80810B10C07D6960026D06E /* default-distort.tiff in Resources */,
			);
			runOnlyForDeploymentPostprocessing = 0;
		};
/* End PBXResourcesBuildPhase section */

/* Begin PBXSourcesBuildPhase section */
		8D5B49B1048680CD000E48DA /* Sources */ = {
			isa = PBXSourcesBuildPhase;
			buildActionMask = 2147483647;
			files = (
				A8080E600C07CE020026D06E /* CIDisplacementDistortionClass.m in Sources */,
			);
			runOnlyForDeploymentPostprocessing = 0;
		};
/* End PBXSourcesBuildPhase section */

/* Begin PBXVariantGroup section */
		A831E13F0789471D0009080F /* Localizable.strings */ = {
			isa = PBXVariantGroup;
			children = (
				A831E1400789471D0009080F /* English */,
			);
			name = Localizable.strings;
			sourceTree = "<group>";
		};
		A8CA58330793689B004BE921 /* CIDisplacementDistortion.nib */ = {
			isa = PBXVariantGroup;
			children = (
				2BDB90842183608F000D7803 /* Base */,
			);
			name = CIDisplacementDistortion.nib;
			sourceTree = "<group>";
		};
/* End PBXVariantGroup section */

/* Begin XCBuildConfiguration section */
		2B1F6B2121D7CDEA00D6F371 /* Debug */ = {
			isa = XCBuildConfiguration;
			buildSettings = {
				CLANG_WARN_BLOCK_CAPTURE_AUTORELEASING = YES;
				CLANG_WARN_BOOL_CONVERSION = YES;
				CLANG_WARN_COMMA = YES;
				CLANG_WARN_CONSTANT_CONVERSION = YES;
				CLANG_WARN_DEPRECATED_OBJC_IMPLEMENTATIONS = YES;
				CLANG_WARN_EMPTY_BODY = YES;
				CLANG_WARN_ENUM_CONVERSION = YES;
				CLANG_WARN_INFINITE_RECURSION = YES;
				CLANG_WARN_INT_CONVERSION = YES;
				CLANG_WARN_NON_LITERAL_NULL_CONVERSION = YES;
				CLANG_WARN_OBJC_IMPLICIT_RETAIN_SELF = YES;
				CLANG_WARN_OBJC_LITERAL_CONVERSION = YES;
				CLANG_WARN_RANGE_LOOP_ANALYSIS = YES;
				CLANG_WARN_STRICT_PROTOTYPES = YES;
				CLANG_WARN_SUSPICIOUS_MOVE = YES;
				CLANG_WARN_UNREACHABLE_CODE = YES;
				CLANG_WARN__DUPLICATE_METHOD_MATCH = YES;
				ENABLE_STRICT_OBJC_MSGSEND = YES;
				ENABLE_TESTABILITY = YES;
				GCC_NO_COMMON_BLOCKS = YES;
				GCC_WARN_64_TO_32_BIT_CONVERSION = YES;
				GCC_WARN_ABOUT_RETURN_TYPE = YES;
				GCC_WARN_UNDECLARED_SELECTOR = YES;
				GCC_WARN_UNINITIALIZED_AUTOS = YES;
				GCC_WARN_UNUSED_FUNCTION = YES;
				GCC_WARN_UNUSED_VARIABLE = YES;
				ONLY_ACTIVE_ARCH = YES;
				SDKROOT = macosx;
			};
			name = Debug;
		};
		2B1F6B2221D7CDEA00D6F371 /* Debug */ = {
			isa = XCBuildConfiguration;
			buildSettings = {
				CLANG_ENABLE_OBJC_WEAK = YES;
				COPY_PHASE_STRIP = NO;
				FRAMEWORK_SEARCH_PATHS = "\"$(SYSTEM_LIBRARY_DIR)/Frameworks/ApplicationServices.framework/Versions/A/Frameworks\"";
				GCC_ALTIVEC_EXTENSIONS = YES;
				GCC_AUTO_VECTORIZATION = YES;
				GCC_DYNAMIC_NO_PIC = NO;
				GCC_ENABLE_OBJC_EXCEPTIONS = YES;
				GCC_GENERATE_DEBUGGING_SYMBOLS = YES;
				GCC_OPTIMIZATION_LEVEL = 0;
				GCC_VERSION = com.apple.compilers.llvm.clang.1_0;
				GCC_VERSION_i386 = 4.0;
				GCC_VERSION_ppc = 4.0;
				INFOPLIST_FILE = Info.plist;
				INSTALL_PATH = "$(HOME)/Library/Bundles";
				OTHER_CFLAGS = "-DDEBUG";
				PRODUCT_BUNDLE_IDENTIFIER = net.sourceforge.seashore.DisplacementDistortionPlus;
				PRODUCT_NAME = "DisplacementDistortion+";
				WRAPPER_EXTENSION = bundle;
				ZERO_LINK = YES;
			};
			name = Debug;
		};
		2B1F6B2321D7CDEF00D6F371 /* Release */ = {
			isa = XCBuildConfiguration;
			buildSettings = {
				CLANG_WARN_BLOCK_CAPTURE_AUTORELEASING = YES;
				CLANG_WARN_BOOL_CONVERSION = YES;
				CLANG_WARN_COMMA = YES;
				CLANG_WARN_CONSTANT_CONVERSION = YES;
				CLANG_WARN_DEPRECATED_OBJC_IMPLEMENTATIONS = YES;
				CLANG_WARN_EMPTY_BODY = YES;
				CLANG_WARN_ENUM_CONVERSION = YES;
				CLANG_WARN_INFINITE_RECURSION = YES;
				CLANG_WARN_INT_CONVERSION = YES;
				CLANG_WARN_NON_LITERAL_NULL_CONVERSION = YES;
				CLANG_WARN_OBJC_IMPLICIT_RETAIN_SELF = YES;
				CLANG_WARN_OBJC_LITERAL_CONVERSION = YES;
				CLANG_WARN_RANGE_LOOP_ANALYSIS = YES;
				CLANG_WARN_STRICT_PROTOTYPES = YES;
				CLANG_WARN_SUSPICIOUS_MOVE = YES;
				CLANG_WARN_UNREACHABLE_CODE = YES;
				CLANG_WARN__DUPLICATE_METHOD_MATCH = YES;
				ENABLE_STRICT_OBJC_MSGSEND = YES;
				GCC_NO_COMMON_BLOCKS = YES;
				GCC_WARN_64_TO_32_BIT_CONVERSION = YES;
				GCC_WARN_ABOUT_RETURN_TYPE = YES;
				GCC_WARN_UNDECLARED_SELECTOR = YES;
				GCC_WARN_UNINITIALIZED_AUTOS = YES;
				GCC_WARN_UNUSED_FUNCTION = YES;
				GCC_WARN_UNUSED_VARIABLE = YES;
				SDKROOT = macosx;
			};
			name = Release;
		};
		2B1F6B2421D7CDEF00D6F371 /* Release */ = {
			isa = XCBuildConfiguration;
			buildSettings = {
				CLANG_ENABLE_OBJC_WEAK = YES;
				FRAMEWORK_SEARCH_PATHS = "\"$(SYSTEM_LIBRARY_DIR)/Frameworks/ApplicationServices.framework/Versions/A/Frameworks\"";
				GCC_ALTIVEC_EXTENSIONS = YES;
				GCC_AUTO_VECTORIZATION = YES;
				GCC_ENABLE_OBJC_EXCEPTIONS = YES;
				GCC_GENERATE_DEBUGGING_SYMBOLS = NO;
				GCC_OPTIMIZATION_LEVEL = 3;
				GCC_VERSION = com.apple.compilers.llvm.clang.1_0;
				GCC_VERSION_i386 = 4.0;
				GCC_VERSION_ppc = 4.0;
				INFOPLIST_FILE = Info.plist;
				INSTALL_PATH = "$(HOME)/Library/Bundles";
				PRODUCT_BUNDLE_IDENTIFIER = net.sourceforge.seashore.DisplacementDistortionPlus;
				PRODUCT_NAME = "DisplacementDistortion+";
				WRAPPER_EXTENSION = bundle;
			};
			name = Release;
		};
/* End XCBuildConfiguration section */

/* Begin XCConfigurationList section */
		A8F2BD590BCD1EE6001DB353 /* Build configuration list for PBXNativeTarget "DisplacementDistortion+" */ = {
			isa = XCConfigurationList;
			buildConfigurations = (
				2B1F6B2221D7CDEA00D6F371 /* Debug */,
				2B1F6B2421D7CDEF00D6F371 /* Release */,
			);
			defaultConfigurationIsVisible = 0;
			defaultConfigurationName = Debug;
		};
		A8F2BD5D0BCD1EE6001DB353 /* Build configuration list for PBXProject "CIDisplacementDistortion" */ = {
			isa = XCConfigurationList;
			buildConfigurations = (
				2B1F6B2121D7CDEA00D6F371 /* Debug */,
				2B1F6B2321D7CDEF00D6F371 /* Release */,
			);
			defaultConfigurationIsVisible = 0;
			defaultConfigurationName = Debug;
		};
/* End XCConfigurationList section */
	};
	rootObject = 089C1669FE841209C02AAC07 /* Project object */;
}
