// !$*UTF8*$!
{
	archiveVersion = 1;
	classes = {
	};
	objectVersion = 50;
	objects = {

/* Begin PBXBuildFile section */
		2B1F6E8D21D9550D00D6F371 /* PluginClass.m in Sources */ = {isa = PBXBuildFile; fileRef = 2B1F6E8C21D9550D00D6F371 /* PluginClass.m */; };
		2B670BC727DCFD64003BA6AE /* CoreImagePlugin.h in Headers */ = {isa = PBXBuildFile; fileRef = 2B670BC527DCFD64003BA6AE /* CoreImagePlugin.h */; settings = {ATTRIBUTES = (Public, ); }; };
		2B670BC827DCFD64003BA6AE /* CoreImagePlugin.m in Sources */ = {isa = PBXBuildFile; fileRef = 2B670BC627DCFD64003BA6AE /* CoreImagePlugin.m */; };
		2B670BD027DD00DE003BA6AE /* PluginData.h in Headers */ = {isa = PBXBuildFile; fileRef = 2B670BCE27DD00DD003BA6AE /* PluginData.h */; settings = {ATTRIBUTES = (Public, ); }; };
		2B670BD127DD00DE003BA6AE /* PluginClass.h in Headers */ = {isa = PBXBuildFile; fileRef = 2B670BCF27DD00DE003BA6AE /* PluginClass.h */; settings = {ATTRIBUTES = (Public, ); }; };
		2BB5E0272813634E00EC3014 /* SeaComponents.framework in Frameworks */ = {isa = PBXBuildFile; fileRef = 2BB5E0242813634E00EC3014 /* SeaComponents.framework */; };
		2BB5E0292813634E00EC3014 /* SeaLibrary.framework in Frameworks */ = {isa = PBXBuildFile; fileRef = 2BB5E0252813634E00EC3014 /* SeaLibrary.framework */; };
		2BB5E04B2813684100EC3014 /* CoreGraphics.framework in Frameworks */ = {isa = PBXBuildFile; fileRef = 2BB5E04A2813684100EC3014 /* CoreGraphics.framework */; };
		2BB5E04D2813685900EC3014 /* CoreImage.framework in Frameworks */ = {isa = PBXBuildFile; fileRef = 2BB5E04C2813685900EC3014 /* CoreImage.framework */; };
		2BB5E04F2813686400EC3014 /* Cocoa.framework in Frameworks */ = {isa = PBXBuildFile; fileRef = 2BB5E04E2813686400EC3014 /* Cocoa.framework */; };
		2BB5E0512813686B00EC3014 /* Accelerate.framework in Frameworks */ = {isa = PBXBuildFile; fileRef = 2BB5E0502813686B00EC3014 /* Accelerate.framework */; };
/* End PBXBuildFile section */

/* Begin PBXFileReference section */
		2B1F683421D6F43800D6F371 /* Plugins.framework */ = {isa = PBXFileReference; explicitFileType = wrapper.framework; includeInIndex = 0; path = Plugins.framework; sourceTree = BUILT_PRODUCTS_DIR; };
		2B1F6E8C21D9550D00D6F371 /* PluginClass.m */ = {isa = PBXFileReference; lastKnownFileType = sourcecode.c.objc; path = PluginClass.m; sourceTree = "<group>"; };
		2B670BC527DCFD64003BA6AE /* CoreImagePlugin.h */ = {isa = PBXFileReference; lastKnownFileType = sourcecode.c.h; path = CoreImagePlugin.h; sourceTree = "<group>"; };
		2B670BC627DCFD64003BA6AE /* CoreImagePlugin.m */ = {isa = PBXFileReference; lastKnownFileType = sourcecode.c.objc; path = CoreImagePlugin.m; sourceTree = "<group>"; };
		2B670BCD27DD00DD003BA6AE /* Info.plist */ = {isa = PBXFileReference; fileEncoding = 4; lastKnownFileType = text.plist.xml; path = Info.plist; sourceTree = "<group>"; };
		2B670BCE27DD00DD003BA6AE /* PluginData.h */ = {isa = PBXFileReference; fileEncoding = 4; lastKnownFileType = sourcecode.c.h; path = PluginData.h; sourceTree = "<group>"; };
		2B670BCF27DD00DE003BA6AE /* PluginClass.h */ = {isa = PBXFileReference; fileEncoding = 4; lastKnownFileType = sourcecode.c.h; path = PluginClass.h; sourceTree = "<group>"; };
		2BB5E0242813634E00EC3014 /* SeaComponents.framework */ = {isa = PBXFileReference; explicitFileType = wrapper.framework; path = SeaComponents.framework; sourceTree = BUILT_PRODUCTS_DIR; };
		2BB5E0252813634E00EC3014 /* SeaLibrary.framework */ = {isa = PBXFileReference; explicitFileType = wrapper.framework; path = SeaLibrary.framework; sourceTree = BUILT_PRODUCTS_DIR; };
		2BB5E0262813634E00EC3014 /* SeaMinimal.framework */ = {isa = PBXFileReference; explicitFileType = wrapper.framework; path = SeaMinimal.framework; sourceTree = BUILT_PRODUCTS_DIR; };
		2BB5E04A2813684100EC3014 /* CoreGraphics.framework */ = {isa = PBXFileReference; lastKnownFileType = wrapper.framework; name = CoreGraphics.framework; path = System/Library/Frameworks/CoreGraphics.framework; sourceTree = SDKROOT; };
		2BB5E04C2813685900EC3014 /* CoreImage.framework */ = {isa = PBXFileReference; lastKnownFileType = wrapper.framework; name = CoreImage.framework; path = System/Library/Frameworks/CoreImage.framework; sourceTree = SDKROOT; };
		2BB5E04E2813686400EC3014 /* Cocoa.framework */ = {isa = PBXFileReference; lastKnownFileType = wrapper.framework; name = Cocoa.framework; path = System/Library/Frameworks/Cocoa.framework; sourceTree = SDKROOT; };
		2BB5E0502813686B00EC3014 /* Accelerate.framework */ = {isa = PBXFileReference; lastKnownFileType = wrapper.framework; name = Accelerate.framework; path = System/Library/Frameworks/Accelerate.framework; sourceTree = SDKROOT; };
/* End PBXFileReference section */

/* Begin PBXFrameworksBuildPhase section */
		2B399C7E279DF50D000D0C58 /* Frameworks */ = {
			isa = PBXFrameworksBuildPhase;
			buildActionMask = 2147483647;
			files = (
				2BB5E04B2813684100EC3014 /* CoreGraphics.framework in Frameworks */,
				2BB5E0512813686B00EC3014 /* Accelerate.framework in Frameworks */,
				2BB5E0292813634E00EC3014 /* SeaLibrary.framework in Frameworks */,
				2BB5E04F2813686400EC3014 /* Cocoa.framework in Frameworks */,
				2BB5E04D2813685900EC3014 /* CoreImage.framework in Frameworks */,
				2BB5E0272813634E00EC3014 /* SeaComponents.framework in Frameworks */,
			);
			runOnlyForDeploymentPostprocessing = 0;
		};
/* End PBXFrameworksBuildPhase section */

/* Begin PBXGroup section */
		2B1F682A21D6F43800D6F371 = {
			isa = PBXGroup;
			children = (
				2B670BCD27DD00DD003BA6AE /* Info.plist */,
				2B1F684E21D6F48E00D6F371 /* Source */,
				2B1F683521D6F43800D6F371 /* Products */,
				2B399C7F279DF513000D0C58 /* Frameworks */,
			);
			sourceTree = "<group>";
		};
		2B1F683521D6F43800D6F371 /* Products */ = {
			isa = PBXGroup;
			children = (
				2B1F683421D6F43800D6F371 /* Plugins.framework */,
			);
			name = Products;
			sourceTree = "<group>";
		};
		2B1F684E21D6F48E00D6F371 /* Source */ = {
			isa = PBXGroup;
			children = (
				2B670BCF27DD00DE003BA6AE /* PluginClass.h */,
				2B670BCE27DD00DD003BA6AE /* PluginData.h */,
				2B1F6E8C21D9550D00D6F371 /* PluginClass.m */,
				2B670BC527DCFD64003BA6AE /* CoreImagePlugin.h */,
				2B670BC627DCFD64003BA6AE /* CoreImagePlugin.m */,
			);
			name = Source;
			sourceTree = "<group>";
		};
		2B399C7F279DF513000D0C58 /* Frameworks */ = {
			isa = PBXGroup;
			children = (
				2BB5E0502813686B00EC3014 /* Accelerate.framework */,
				2BB5E04E2813686400EC3014 /* Cocoa.framework */,
				2BB5E04C2813685900EC3014 /* CoreImage.framework */,
				2BB5E04A2813684100EC3014 /* CoreGraphics.framework */,
				2BB5E0242813634E00EC3014 /* SeaComponents.framework */,
				2BB5E0252813634E00EC3014 /* SeaLibrary.framework */,
				2BB5E0262813634E00EC3014 /* SeaMinimal.framework */,
			);
			name = Frameworks;
			sourceTree = "<group>";
		};
/* End PBXGroup section */

/* Begin PBXHeadersBuildPhase section */
		2B1F682F21D6F43800D6F371 /* Headers */ = {
			isa = PBXHeadersBuildPhase;
			buildActionMask = 2147483647;
			files = (
				2B670BC727DCFD64003BA6AE /* CoreImagePlugin.h in Headers */,
				2B670BD127DD00DE003BA6AE /* PluginClass.h in Headers */,
				2B670BD027DD00DE003BA6AE /* PluginData.h in Headers */,
			);
			runOnlyForDeploymentPostprocessing = 0;
		};
/* End PBXHeadersBuildPhase section */

/* Begin PBXNativeTarget section */
		2B1F683321D6F43800D6F371 /* Plugins */ = {
			isa = PBXNativeTarget;
			buildConfigurationList = 2B1F683C21D6F43800D6F371 /* Build configuration list for PBXNativeTarget "Plugins" */;
			buildPhases = (
				2B1F682F21D6F43800D6F371 /* Headers */,
				2B1F683021D6F43800D6F371 /* Sources */,
				2B399C7E279DF50D000D0C58 /* Frameworks */,
			);
			buildRules = (
			);
			dependencies = (
			);
			name = Plugins;
			productName = PluginFramework;
			productReference = 2B1F683421D6F43800D6F371 /* Plugins.framework */;
			productType = "com.apple.product-type.framework";
		};
/* End PBXNativeTarget section */

/* Begin PBXProject section */
		2B1F682B21D6F43800D6F371 /* Project object */ = {
			isa = PBXProject;
			attributes = {
				LastUpgradeCheck = 1010;
				ORGANIZATIONNAME = "";
				TargetAttributes = {
					2B1F683321D6F43800D6F371 = {
						CreatedOnToolsVersion = 10.1;
					};
				};
			};
			buildConfigurationList = 2B1F682E21D6F43800D6F371 /* Build configuration list for PBXProject "Plugins" */;
			compatibilityVersion = "Xcode 9.3";
			developmentRegion = en;
			hasScannedForEncodings = 0;
			knownRegions = (
				en,
			);
			mainGroup = 2B1F682A21D6F43800D6F371;
			productRefGroup = 2B1F683521D6F43800D6F371 /* Products */;
			projectDirPath = "";
			projectRoot = "";
			targets = (
				2B1F683321D6F43800D6F371 /* Plugins */,
			);
		};
/* End PBXProject section */

/* Begin PBXSourcesBuildPhase section */
		2B1F683021D6F43800D6F371 /* Sources */ = {
			isa = PBXSourcesBuildPhase;
			buildActionMask = 2147483647;
			files = (
				2B1F6E8D21D9550D00D6F371 /* PluginClass.m in Sources */,
				2B670BC827DCFD64003BA6AE /* CoreImagePlugin.m in Sources */,
			);
			runOnlyForDeploymentPostprocessing = 0;
		};
/* End PBXSourcesBuildPhase section */

/* Begin XCBuildConfiguration section */
		2B1F683A21D6F43800D6F371 /* Debug */ = {
			isa = XCBuildConfiguration;
			buildSettings = {
				CLANG_ENABLE_OBJC_ARC = YES;
				GCC_PREPROCESSOR_DEFINITIONS = (
					"DEBUG=1",
					"$(inherited)",
				);
			};
			name = Debug;
		};
		2B1F683B21D6F43800D6F371 /* Release */ = {
			isa = XCBuildConfiguration;
			buildSettings = {
				CLANG_ENABLE_OBJC_ARC = YES;
			};
			name = Release;
		};
		2B1F683D21D6F43800D6F371 /* Debug */ = {
			isa = XCBuildConfiguration;
			buildSettings = {
				CODE_SIGN_IDENTITY = "Apple Development";
				CODE_SIGN_STYLE = Automatic;
				CURRENT_PROJECT_VERSION = 1;
				DEVELOPMENT_TEAM = 8Q9M9WAC2F;
				INFOPLIST_FILE = "$(SRCROOT)/Info.plist";
				INSTALL_PATH = "@executable_path/../Frameworks";
				MACOSX_DEPLOYMENT_TARGET = 10.9;
				MARKETING_VERSION = 3.4;
				PRODUCT_BUNDLE_IDENTIFIER = app.seashore.Plugins;
				PRODUCT_NAME = Plugins;
				PROVISIONING_PROFILE_SPECIFIER = "";
				SKIP_INSTALL = YES;
			};
			name = Debug;
		};
		2B1F683E21D6F43800D6F371 /* Release */ = {
			isa = XCBuildConfiguration;
			buildSettings = {
				CURRENT_PROJECT_VERSION = 1;
				INFOPLIST_FILE = "$(SRCROOT)/Info.plist";
				INSTALL_PATH = "@executable_path/../Frameworks";
				MACOSX_DEPLOYMENT_TARGET = 10.9;
				MARKETING_VERSION = 3.4;
				PRODUCT_BUNDLE_IDENTIFIER = app.seashore.Plugins;
				PRODUCT_NAME = Plugins;
				SKIP_INSTALL = YES;
			};
			name = Release;
		};
/* End XCBuildConfiguration section */

/* Begin XCConfigurationList section */
		2B1F682E21D6F43800D6F371 /* Build configuration list for PBXProject "Plugins" */ = {
			isa = XCConfigurationList;
			buildConfigurations = (
				2B1F683A21D6F43800D6F371 /* Debug */,
				2B1F683B21D6F43800D6F371 /* Release */,
			);
			defaultConfigurationIsVisible = 0;
			defaultConfigurationName = Release;
		};
		2B1F683C21D6F43800D6F371 /* Build configuration list for PBXNativeTarget "Plugins" */ = {
			isa = XCConfigurationList;
			buildConfigurations = (
				2B1F683D21D6F43800D6F371 /* Debug */,
				2B1F683E21D6F43800D6F371 /* Release */,
			);
			defaultConfigurationIsVisible = 0;
			defaultConfigurationName = Release;
		};
/* End XCConfigurationList section */
	};
	rootObject = 2B1F682B21D6F43800D6F371 /* Project object */;
}
