// !$*UTF8*$!
{
	archiveVersion = 1;
	classes = {
	};
	objectVersion = 50;
	objects = {

/* Begin PBXBuildFile section */
		2B1F684A21D6F47F00D6F371 /* PluginData.h in Headers */ = {isa = PBXBuildFile; fileRef = 2B1F684621D6F47F00D6F371 /* PluginData.h */; settings = {ATTRIBUTES = (Public, ); }; };
		2B1F684B21D6F47F00D6F371 /* PluginClass.h in Headers */ = {isa = PBXBuildFile; fileRef = 2B1F684721D6F47F00D6F371 /* PluginClass.h */; settings = {ATTRIBUTES = (Public, ); }; };
		2B1F684C21D6F47F00D6F371 /* Rects.h in Headers */ = {isa = PBXBuildFile; fileRef = 2B1F684821D6F47F00D6F371 /* Rects.h */; settings = {ATTRIBUTES = (Public, ); }; };
		2B1F684D21D6F47F00D6F371 /* SeaPlugins.h in Headers */ = {isa = PBXBuildFile; fileRef = 2B1F684921D6F47F00D6F371 /* SeaPlugins.h */; settings = {ATTRIBUTES = (Public, ); }; };
		2B1F685021D6F49E00D6F371 /* Rects.m in Sources */ = {isa = PBXBuildFile; fileRef = 2B1F684F21D6F49E00D6F371 /* Rects.m */; };
		2B1F6E8D21D9550D00D6F371 /* PluginClass.m in Sources */ = {isa = PBXBuildFile; fileRef = 2B1F6E8C21D9550D00D6F371 /* PluginClass.m */; };
/* End PBXBuildFile section */

/* Begin PBXFileReference section */
		2B1F683421D6F43800D6F371 /* Plugins.framework */ = {isa = PBXFileReference; explicitFileType = wrapper.framework; includeInIndex = 0; path = Plugins.framework; sourceTree = BUILT_PRODUCTS_DIR; };
		2B1F684621D6F47F00D6F371 /* PluginData.h */ = {isa = PBXFileReference; fileEncoding = 4; lastKnownFileType = sourcecode.c.h; path = PluginData.h; sourceTree = "<group>"; };
		2B1F684721D6F47F00D6F371 /* PluginClass.h */ = {isa = PBXFileReference; fileEncoding = 4; lastKnownFileType = sourcecode.c.h; path = PluginClass.h; sourceTree = "<group>"; };
		2B1F684821D6F47F00D6F371 /* Rects.h */ = {isa = PBXFileReference; fileEncoding = 4; lastKnownFileType = sourcecode.c.h; path = Rects.h; sourceTree = "<group>"; };
		2B1F684921D6F47F00D6F371 /* SeaPlugins.h */ = {isa = PBXFileReference; fileEncoding = 4; lastKnownFileType = sourcecode.c.h; path = SeaPlugins.h; sourceTree = "<group>"; };
		2B1F684F21D6F49E00D6F371 /* Rects.m */ = {isa = PBXFileReference; fileEncoding = 4; lastKnownFileType = sourcecode.c.objc; path = Rects.m; sourceTree = "<group>"; };
		2B1F6E8C21D9550D00D6F371 /* PluginClass.m */ = {isa = PBXFileReference; lastKnownFileType = sourcecode.c.objc; path = PluginClass.m; sourceTree = "<group>"; };
/* End PBXFileReference section */

/* Begin PBXGroup section */
		2B1F682A21D6F43800D6F371 = {
			isa = PBXGroup;
			children = (
				2B1F684E21D6F48E00D6F371 /* Source */,
				2B1F684521D6F44300D6F371 /* Public Headers */,
				2B1F683521D6F43800D6F371 /* Products */,
			);
			sourceTree = "<group>";
		};
		2B1F683521D6F43800D6F371 /* Products */ = {
			isa = PBXGroup;
			children = (
				2B1F683421D6F43800D6F371 /* Plugins.framework */,
			);
			name = Products;
			sourceTree = "<group>";
		};
		2B1F684521D6F44300D6F371 /* Public Headers */ = {
			isa = PBXGroup;
			children = (
				2B1F684721D6F47F00D6F371 /* PluginClass.h */,
				2B1F684621D6F47F00D6F371 /* PluginData.h */,
				2B1F684821D6F47F00D6F371 /* Rects.h */,
				2B1F684921D6F47F00D6F371 /* SeaPlugins.h */,
			);
			name = "Public Headers";
			sourceTree = "<group>";
		};
		2B1F684E21D6F48E00D6F371 /* Source */ = {
			isa = PBXGroup;
			children = (
				2B1F684F21D6F49E00D6F371 /* Rects.m */,
				2B1F6E8C21D9550D00D6F371 /* PluginClass.m */,
			);
			name = Source;
			sourceTree = "<group>";
		};
/* End PBXGroup section */

/* Begin PBXHeadersBuildPhase section */
		2B1F682F21D6F43800D6F371 /* Headers */ = {
			isa = PBXHeadersBuildPhase;
			buildActionMask = 2147483647;
			files = (
				2B1F684B21D6F47F00D6F371 /* PluginClass.h in Headers */,
				2B1F684A21D6F47F00D6F371 /* PluginData.h in Headers */,
				2B1F684C21D6F47F00D6F371 /* Rects.h in Headers */,
				2B1F684D21D6F47F00D6F371 /* SeaPlugins.h in Headers */,
			);
			runOnlyForDeploymentPostprocessing = 0;
		};
/* End PBXHeadersBuildPhase section */

/* Begin PBXNativeTarget section */
		2B1F683321D6F43800D6F371 /* Plugins */ = {
			isa = PBXNativeTarget;
			buildConfigurationList = 2B1F683C21D6F43800D6F371 /* Build configuration list for PBXNativeTarget "Plugins" */;
			buildPhases = (
				2B1F682F21D6F43800D6F371 /* Headers */,
				2B1F683021D6F43800D6F371 /* Sources */,
			);
			buildRules = (
			);
			dependencies = (
			);
			name = Plugins;
			productName = PluginFramework;
			productReference = 2B1F683421D6F43800D6F371 /* Plugins.framework */;
			productType = "com.apple.product-type.framework";
		};
/* End PBXNativeTarget section */

/* Begin PBXProject section */
		2B1F682B21D6F43800D6F371 /* Project object */ = {
			isa = PBXProject;
			attributes = {
				LastUpgradeCheck = 1010;
				ORGANIZATIONNAME = "";
				TargetAttributes = {
					2B1F683321D6F43800D6F371 = {
						CreatedOnToolsVersion = 10.1;
					};
				};
			};
			buildConfigurationList = 2B1F682E21D6F43800D6F371 /* Build configuration list for PBXProject "Plugins" */;
			compatibilityVersion = "Xcode 9.3";
			developmentRegion = en;
			hasScannedForEncodings = 0;
			knownRegions = (
				en,
			);
			mainGroup = 2B1F682A21D6F43800D6F371;
			productRefGroup = 2B1F683521D6F43800D6F371 /* Products */;
			projectDirPath = "";
			projectRoot = "";
			targets = (
				2B1F683321D6F43800D6F371 /* Plugins */,
			);
		};
/* End PBXProject section */

/* Begin PBXSourcesBuildPhase section */
		2B1F683021D6F43800D6F371 /* Sources */ = {
			isa = PBXSourcesBuildPhase;
			buildActionMask = 2147483647;
			files = (
				2B1F685021D6F49E00D6F371 /* Rects.m in Sources */,
				2B1F6E8D21D9550D00D6F371 /* PluginClass.m in Sources */,
			);
			runOnlyForDeploymentPostprocessing = 0;
		};
/* End PBXSourcesBuildPhase section */

/* Begin XCBuildConfiguration section */
		2B1F683A21D6F43800D6F371 /* Debug */ = {
			isa = XCBuildConfiguration;
			buildSettings = {
				CLANG_ANALYZER_NONNULL = YES;
				CLANG_ANALYZER_NUMBER_OBJECT_CONVERSION = YES_AGGRESSIVE;
				CLANG_CXX_LANGUAGE_STANDARD = "gnu++14";
				CLANG_CXX_LIBRARY = "libc++";
				CLANG_ENABLE_MODULES = YES;
				CLANG_ENABLE_OBJC_ARC = NO;
				CLANG_ENABLE_OBJC_WEAK = NO;
				CLANG_WARN_BLOCK_CAPTURE_AUTORELEASING = YES;
				CLANG_WARN_BOOL_CONVERSION = YES;
				CLANG_WARN_COMMA = YES;
				CLANG_WARN_CONSTANT_CONVERSION = YES;
				CLANG_WARN_DEPRECATED_OBJC_IMPLEMENTATIONS = YES;
				CLANG_WARN_DIRECT_OBJC_ISA_USAGE = YES_ERROR;
				CLANG_WARN_DOCUMENTATION_COMMENTS = YES;
				CLANG_WARN_EMPTY_BODY = YES;
				CLANG_WARN_ENUM_CONVERSION = YES;
				CLANG_WARN_INFINITE_RECURSION = YES;
				CLANG_WARN_INT_CONVERSION = YES;
				CLANG_WARN_NON_LITERAL_NULL_CONVERSION = YES;
				CLANG_WARN_OBJC_IMPLICIT_RETAIN_SELF = YES;
				CLANG_WARN_OBJC_LITERAL_CONVERSION = YES;
				CLANG_WARN_OBJC_ROOT_CLASS = YES_ERROR;
				CLANG_WARN_RANGE_LOOP_ANALYSIS = YES;
				CLANG_WARN_STRICT_PROTOTYPES = YES;
				CLANG_WARN_SUSPICIOUS_MOVE = YES;
				CLANG_WARN_UNGUARDED_AVAILABILITY = YES_AGGRESSIVE;
				CLANG_WARN_UNREACHABLE_CODE = YES;
				CLANG_WARN__DUPLICATE_METHOD_MATCH = YES;
				ENABLE_STRICT_OBJC_MSGSEND = YES;
				GCC_C_LANGUAGE_STANDARD = gnu11;
				GCC_DYNAMIC_NO_PIC = NO;
				GCC_NO_COMMON_BLOCKS = YES;
				GCC_OPTIMIZATION_LEVEL = 0;
				GCC_PREPROCESSOR_DEFINITIONS = (
					"DEBUG=1",
					"$(inherited)",
				);
				GCC_WARN_64_TO_32_BIT_CONVERSION = YES;
				GCC_WARN_ABOUT_RETURN_TYPE = YES_ERROR;
				GCC_WARN_UNDECLARED_SELECTOR = YES;
				GCC_WARN_UNINITIALIZED_AUTOS = YES_AGGRESSIVE;
				GCC_WARN_UNUSED_FUNCTION = YES;
				GCC_WARN_UNUSED_VARIABLE = YES;
				MACOSX_DEPLOYMENT_TARGET = 10.6;
			};
			name = Debug;
		};
		2B1F683B21D6F43800D6F371 /* Release */ = {
			isa = XCBuildConfiguration;
			buildSettings = {
				CLANG_ANALYZER_NONNULL = YES;
				CLANG_ANALYZER_NUMBER_OBJECT_CONVERSION = YES_AGGRESSIVE;
				CLANG_CXX_LANGUAGE_STANDARD = "gnu++14";
				CLANG_CXX_LIBRARY = "libc++";
				CLANG_ENABLE_MODULES = YES;
				CLANG_ENABLE_OBJC_ARC = NO;
				CLANG_ENABLE_OBJC_WEAK = NO;
				CLANG_WARN_BLOCK_CAPTURE_AUTORELEASING = YES;
				CLANG_WARN_BOOL_CONVERSION = YES;
				CLANG_WARN_COMMA = YES;
				CLANG_WARN_CONSTANT_CONVERSION = YES;
				CLANG_WARN_DEPRECATED_OBJC_IMPLEMENTATIONS = YES;
				CLANG_WARN_DIRECT_OBJC_ISA_USAGE = YES_ERROR;
				CLANG_WARN_DOCUMENTATION_COMMENTS = YES;
				CLANG_WARN_EMPTY_BODY = YES;
				CLANG_WARN_ENUM_CONVERSION = YES;
				CLANG_WARN_INFINITE_RECURSION = YES;
				CLANG_WARN_INT_CONVERSION = YES;
				CLANG_WARN_NON_LITERAL_NULL_CONVERSION = YES;
				CLANG_WARN_OBJC_IMPLICIT_RETAIN_SELF = YES;
				CLANG_WARN_OBJC_LITERAL_CONVERSION = YES;
				CLANG_WARN_OBJC_ROOT_CLASS = YES_ERROR;
				CLANG_WARN_RANGE_LOOP_ANALYSIS = YES;
				CLANG_WARN_STRICT_PROTOTYPES = YES;
				CLANG_WARN_SUSPICIOUS_MOVE = YES;
				CLANG_WARN_UNGUARDED_AVAILABILITY = YES_AGGRESSIVE;
				CLANG_WARN_UNREACHABLE_CODE = YES;
				CLANG_WARN__DUPLICATE_METHOD_MATCH = YES;
				ENABLE_NS_ASSERTIONS = NO;
				ENABLE_STRICT_OBJC_MSGSEND = YES;
				GCC_C_LANGUAGE_STANDARD = gnu11;
				GCC_NO_COMMON_BLOCKS = YES;
				GCC_WARN_64_TO_32_BIT_CONVERSION = YES;
				GCC_WARN_ABOUT_RETURN_TYPE = YES_ERROR;
				GCC_WARN_UNDECLARED_SELECTOR = YES;
				GCC_WARN_UNINITIALIZED_AUTOS = YES_AGGRESSIVE;
				GCC_WARN_UNUSED_FUNCTION = YES;
				GCC_WARN_UNUSED_VARIABLE = YES;
				MACOSX_DEPLOYMENT_TARGET = 10.6;
			};
			name = Release;
		};
		2B1F683D21D6F43800D6F371 /* Debug */ = {
			isa = XCBuildConfiguration;
			buildSettings = {
				CLANG_ENABLE_OBJC_ARC = YES;
				CODE_SIGN_IDENTITY = "Mac Developer";
				CODE_SIGN_STYLE = Manual;
				DEVELOPMENT_TEAM = "";
				DYLIB_COMPATIBILITY_VERSION = 1;
				DYLIB_CURRENT_VERSION = 1;
				FRAMEWORK_VERSION = A;
				INFOPLIST_FILE = Info.plist;
				INSTALL_PATH = "@executable_path/../Frameworks";
				MACOSX_DEPLOYMENT_TARGET = 10.6;
				PRODUCT_BUNDLE_IDENTIFIER = net.sourceforge.seashore.plugins;
				PRODUCT_NAME = "$(TARGET_NAME:c99extidentifier)";
				PROVISIONING_PROFILE_SPECIFIER = "";
			};
			name = Debug;
		};
		2B1F683E21D6F43800D6F371 /* Release */ = {
			isa = XCBuildConfiguration;
			buildSettings = {
				CLANG_ENABLE_OBJC_ARC = YES;
				CODE_SIGN_IDENTITY = "Mac Developer";
				CODE_SIGN_STYLE = Manual;
				DEVELOPMENT_TEAM = "";
				DYLIB_COMPATIBILITY_VERSION = 1;
				DYLIB_CURRENT_VERSION = 1;
				FRAMEWORK_VERSION = A;
				INFOPLIST_FILE = Info.plist;
				INSTALL_PATH = "@executable_path/../Frameworks";
				MACOSX_DEPLOYMENT_TARGET = 10.6;
				PRODUCT_BUNDLE_IDENTIFIER = net.sourceforge.seashore.plugins;
				PRODUCT_NAME = "$(TARGET_NAME:c99extidentifier)";
				PROVISIONING_PROFILE_SPECIFIER = "";
			};
			name = Release;
		};
/* End XCBuildConfiguration section */

/* Begin XCConfigurationList section */
		2B1F682E21D6F43800D6F371 /* Build configuration list for PBXProject "Plugins" */ = {
			isa = XCConfigurationList;
			buildConfigurations = (
				2B1F683A21D6F43800D6F371 /* Debug */,
				2B1F683B21D6F43800D6F371 /* Release */,
			);
			defaultConfigurationIsVisible = 0;
			defaultConfigurationName = Release;
		};
		2B1F683C21D6F43800D6F371 /* Build configuration list for PBXNativeTarget "Plugins" */ = {
			isa = XCConfigurationList;
			buildConfigurations = (
				2B1F683D21D6F43800D6F371 /* Debug */,
				2B1F683E21D6F43800D6F371 /* Release */,
			);
			defaultConfigurationIsVisible = 0;
			defaultConfigurationName = Release;
		};
/* End XCConfigurationList section */
	};
	rootObject = 2B1F682B21D6F43800D6F371 /* Project object */;
}
