// !$*UTF8*$!
{
	archiveVersion = 1;
	classes = {
	};
	objectVersion = 55;
	objects = {

/* Begin PBXBuildFile section */
		2B2EFA7828BF1AE6009B225D /* Constants.h in Headers */ = {isa = PBXBuildFile; fileRef = 2B8448AA28BEECB000C068D1 /* Constants.h */; settings = {ATTRIBUTES = (Public, ); }; };
		2B2EFA7928BF1AE6009B225D /* Bitmap.h in Headers */ = {isa = PBXBuildFile; fileRef = 2B8448AF28BEECB000C068D1 /* Bitmap.h */; settings = {ATTRIBUTES = (Public, ); }; };
		2B2EFA7A28BF1AE6009B225D /* Rects.h in Headers */ = {isa = PBXBuildFile; fileRef = 2B8448B228BEECB100C068D1 /* Rects.h */; settings = {ATTRIBUTES = (Public, ); }; };
		2B2EFA7B28BF1AE6009B225D /* RLE.h in Headers */ = {isa = PBXBuildFile; fileRef = 2B8448B128BEECB100C068D1 /* RLE.h */; settings = {ATTRIBUTES = (Public, ); }; };
		2B2EFA7C28BF1AE6009B225D /* Globals.h in Headers */ = {isa = PBXBuildFile; fileRef = 2B8448B028BEECB100C068D1 /* Globals.h */; settings = {ATTRIBUTES = (Public, ); }; };
		2B2EFA7D28BF1AF1009B225D /* Bitmap.m in Sources */ = {isa = PBXBuildFile; fileRef = 2B8448BC28BEECDF00C068D1 /* Bitmap.m */; };
		2B2EFA7E28BF1AF1009B225D /* Rects.m in Sources */ = {isa = PBXBuildFile; fileRef = 2B8448AC28BEECB000C068D1 /* Rects.m */; };
		2B2EFA7F28BF1AF1009B225D /* RLE.m in Sources */ = {isa = PBXBuildFile; fileRef = 2B8448AB28BEECB000C068D1 /* RLE.m */; };
		2B2EFAAE28BF2202009B225D /* SeaLibrary.h in Headers */ = {isa = PBXBuildFile; fileRef = 2B8448AE28BEECB000C068D1 /* SeaLibrary.h */; settings = {ATTRIBUTES = (Public, ); }; };
/* End PBXBuildFile section */

/* Begin PBXFileReference section */
		2B2EFA7028BF1AD3009B225D /* SeaLibrary.framework */ = {isa = PBXFileReference; explicitFileType = wrapper.framework; includeInIndex = 0; path = SeaLibrary.framework; sourceTree = BUILT_PRODUCTS_DIR; };
		2B8448AA28BEECB000C068D1 /* Constants.h */ = {isa = PBXFileReference; fileEncoding = 4; lastKnownFileType = sourcecode.c.h; path = Constants.h; sourceTree = "<group>"; };
		2B8448AB28BEECB000C068D1 /* RLE.m */ = {isa = PBXFileReference; fileEncoding = 4; lastKnownFileType = sourcecode.c.objc; path = RLE.m; sourceTree = "<group>"; };
		2B8448AC28BEECB000C068D1 /* Rects.m */ = {isa = PBXFileReference; fileEncoding = 4; lastKnownFileType = sourcecode.c.objc; path = Rects.m; sourceTree = "<group>"; };
		2B8448AE28BEECB000C068D1 /* SeaLibrary.h */ = {isa = PBXFileReference; fileEncoding = 4; lastKnownFileType = sourcecode.c.h; path = SeaLibrary.h; sourceTree = "<group>"; };
		2B8448AF28BEECB000C068D1 /* Bitmap.h */ = {isa = PBXFileReference; fileEncoding = 4; lastKnownFileType = sourcecode.c.h; path = Bitmap.h; sourceTree = "<group>"; };
		2B8448B028BEECB100C068D1 /* Globals.h */ = {isa = PBXFileReference; fileEncoding = 4; lastKnownFileType = sourcecode.c.h; path = Globals.h; sourceTree = "<group>"; };
		2B8448B128BEECB100C068D1 /* RLE.h */ = {isa = PBXFileReference; fileEncoding = 4; lastKnownFileType = sourcecode.c.h; path = RLE.h; sourceTree = "<group>"; };
		2B8448B228BEECB100C068D1 /* Rects.h */ = {isa = PBXFileReference; fileEncoding = 4; lastKnownFileType = sourcecode.c.h; path = Rects.h; sourceTree = "<group>"; };
		2B8448BC28BEECDF00C068D1 /* Bitmap.m */ = {isa = PBXFileReference; fileEncoding = 4; lastKnownFileType = sourcecode.c.objc; path = Bitmap.m; sourceTree = "<group>"; };
/* End PBXFileReference section */

/* Begin PBXFrameworksBuildPhase section */
		2B2EFA6D28BF1AD3009B225D /* Frameworks */ = {
			isa = PBXFrameworksBuildPhase;
			buildActionMask = 2147483647;
			files = (
			);
			runOnlyForDeploymentPostprocessing = 0;
		};
/* End PBXFrameworksBuildPhase section */

/* Begin PBXGroup section */
		2B84488328BEEBDD00C068D1 = {
			isa = PBXGroup;
			children = (
				2B84488E28BEEBDD00C068D1 /* SeaLibrary */,
				2B84488D28BEEBDD00C068D1 /* Products */,
			);
			sourceTree = "<group>";
		};
		2B84488D28BEEBDD00C068D1 /* Products */ = {
			isa = PBXGroup;
			children = (
				2B2EFA7028BF1AD3009B225D /* SeaLibrary.framework */,
			);
			name = Products;
			sourceTree = "<group>";
		};
		2B84488E28BEEBDD00C068D1 /* SeaLibrary */ = {
			isa = PBXGroup;
			children = (
				2B8448B028BEECB100C068D1 /* Globals.h */,
				2B8448AE28BEECB000C068D1 /* SeaLibrary.h */,
				2B8448AA28BEECB000C068D1 /* Constants.h */,
				2B8448AF28BEECB000C068D1 /* Bitmap.h */,
				2B8448BC28BEECDF00C068D1 /* Bitmap.m */,
				2B8448B228BEECB100C068D1 /* Rects.h */,
				2B8448AC28BEECB000C068D1 /* Rects.m */,
				2B8448B128BEECB100C068D1 /* RLE.h */,
				2B8448AB28BEECB000C068D1 /* RLE.m */,
			);
			path = SeaLibrary;
			sourceTree = "<group>";
		};
/* End PBXGroup section */

/* Begin PBXHeadersBuildPhase section */
		2B2EFA6B28BF1AD3009B225D /* Headers */ = {
			isa = PBXHeadersBuildPhase;
			buildActionMask = 2147483647;
			files = (
				2B2EFAAE28BF2202009B225D /* SeaLibrary.h in Headers */,
				2B2EFA7828BF1AE6009B225D /* Constants.h in Headers */,
				2B2EFA7928BF1AE6009B225D /* Bitmap.h in Headers */,
				2B2EFA7A28BF1AE6009B225D /* Rects.h in Headers */,
				2B2EFA7B28BF1AE6009B225D /* RLE.h in Headers */,
				2B2EFA7C28BF1AE6009B225D /* Globals.h in Headers */,
			);
			runOnlyForDeploymentPostprocessing = 0;
		};
/* End PBXHeadersBuildPhase section */

/* Begin PBXNativeTarget section */
		2B2EFA6F28BF1AD3009B225D /* SeaLibrary */ = {
			isa = PBXNativeTarget;
			buildConfigurationList = 2B2EFA7428BF1AD3009B225D /* Build configuration list for PBXNativeTarget "SeaLibrary" */;
			buildPhases = (
				2B2EFA6B28BF1AD3009B225D /* Headers */,
				2B2EFA6C28BF1AD3009B225D /* Sources */,
				2B2EFA6D28BF1AD3009B225D /* Frameworks */,
				2B2EFA6E28BF1AD3009B225D /* Resources */,
			);
			buildRules = (
			);
			dependencies = (
			);
			name = SeaLibrary;
			productName = SeaLibrary;
			productReference = 2B2EFA7028BF1AD3009B225D /* SeaLibrary.framework */;
			productType = "com.apple.product-type.framework";
		};
/* End PBXNativeTarget section */

/* Begin PBXProject section */
		2B84488428BEEBDD00C068D1 /* Project object */ = {
			isa = PBXProject;
			attributes = {
				BuildIndependentTargetsInParallel = 1;
				LastUpgradeCheck = 1340;
				TargetAttributes = {
					2B2EFA6F28BF1AD3009B225D = {
						CreatedOnToolsVersion = 13.4.1;
					};
				};
			};
			buildConfigurationList = 2B84488728BEEBDD00C068D1 /* Build configuration list for PBXProject "SeaLibrary" */;
			compatibilityVersion = "Xcode 13.0";
			developmentRegion = en;
			hasScannedForEncodings = 0;
			knownRegions = (
				en,
				Base,
			);
			mainGroup = 2B84488328BEEBDD00C068D1;
			productRefGroup = 2B84488D28BEEBDD00C068D1 /* Products */;
			projectDirPath = "";
			projectRoot = "";
			targets = (
				2B2EFA6F28BF1AD3009B225D /* SeaLibrary */,
			);
		};
/* End PBXProject section */

/* Begin PBXResourcesBuildPhase section */
		2B2EFA6E28BF1AD3009B225D /* Resources */ = {
			isa = PBXResourcesBuildPhase;
			buildActionMask = 2147483647;
			files = (
			);
			runOnlyForDeploymentPostprocessing = 0;
		};
/* End PBXResourcesBuildPhase section */

/* Begin PBXSourcesBuildPhase section */
		2B2EFA6C28BF1AD3009B225D /* Sources */ = {
			isa = PBXSourcesBuildPhase;
			buildActionMask = 2147483647;
			files = (
				2B2EFA7D28BF1AF1009B225D /* Bitmap.m in Sources */,
				2B2EFA7E28BF1AF1009B225D /* Rects.m in Sources */,
				2B2EFA7F28BF1AF1009B225D /* RLE.m in Sources */,
			);
			runOnlyForDeploymentPostprocessing = 0;
		};
/* End PBXSourcesBuildPhase section */

/* Begin XCBuildConfiguration section */
		2B2EFA7528BF1AD3009B225D /* Debug */ = {
			isa = XCBuildConfiguration;
			buildSettings = {
				ALWAYS_SEARCH_USER_PATHS = NO;
				CODE_SIGN_STYLE = Automatic;
				COMBINE_HIDPI_IMAGES = YES;
				CURRENT_PROJECT_VERSION = 1;
				DEFINES_MODULE = YES;
				DEVELOPMENT_TEAM = 8Q9M9WAC2F;
				DYLIB_COMPATIBILITY_VERSION = 1;
				DYLIB_CURRENT_VERSION = 1;
				DYLIB_INSTALL_NAME_BASE = "@rpath";
				GENERATE_INFOPLIST_FILE = YES;
				INFOPLIST_KEY_NSHumanReadableCopyright = "";
				INSTALL_PATH = "$(LOCAL_LIBRARY_DIR)/Frameworks";
				LD_RUNPATH_SEARCH_PATHS = (
					"$(inherited)",
					"@executable_path/../Frameworks",
					"@loader_path/Frameworks",
				);
				MACH_O_TYPE = staticlib;
				MACOSX_DEPLOYMENT_TARGET = 12.3;
				MARKETING_VERSION = 1.0;
				ONLY_ACTIVE_ARCH = YES;
				PRODUCT_BUNDLE_IDENTIFIER = com.eolcoder.SeaLibrary;
				PRODUCT_NAME = "$(TARGET_NAME:c99extidentifier)";
				SKIP_INSTALL = YES;
				SWIFT_EMIT_LOC_STRINGS = YES;
				VERSIONING_SYSTEM = "apple-generic";
				VERSION_INFO_PREFIX = "";
			};
			name = Debug;
		};
		2B2EFA7628BF1AD3009B225D /* Release */ = {
			isa = XCBuildConfiguration;
			buildSettings = {
				ALWAYS_SEARCH_USER_PATHS = NO;
				CODE_SIGN_STYLE = Automatic;
				COMBINE_HIDPI_IMAGES = YES;
				CURRENT_PROJECT_VERSION = 1;
				DEFINES_MODULE = YES;
				DEVELOPMENT_TEAM = 8Q9M9WAC2F;
				DYLIB_COMPATIBILITY_VERSION = 1;
				DYLIB_CURRENT_VERSION = 1;
				DYLIB_INSTALL_NAME_BASE = "@rpath";
				GENERATE_INFOPLIST_FILE = YES;
				INFOPLIST_KEY_NSHumanReadableCopyright = "";
				INSTALL_PATH = "$(LOCAL_LIBRARY_DIR)/Frameworks";
				LD_RUNPATH_SEARCH_PATHS = (
					"$(inherited)",
					"@executable_path/../Frameworks",
					"@loader_path/Frameworks",
				);
				MACH_O_TYPE = staticlib;
				MACOSX_DEPLOYMENT_TARGET = 12.3;
				MARKETING_VERSION = 1.0;
				PRODUCT_BUNDLE_IDENTIFIER = com.eolcoder.SeaLibrary;
				PRODUCT_NAME = "$(TARGET_NAME:c99extidentifier)";
				SKIP_INSTALL = YES;
				SWIFT_EMIT_LOC_STRINGS = YES;
				VERSIONING_SYSTEM = "apple-generic";
				VERSION_INFO_PREFIX = "";
			};
			name = Release;
		};
		2B84489328BEEBDD00C068D1 /* Debug */ = {
			isa = XCBuildConfiguration;
			buildSettings = {
				CLANG_ANALYZER_NONNULL = YES;
				CLANG_ANALYZER_NUMBER_OBJECT_CONVERSION = YES_AGGRESSIVE;
				CLANG_CXX_LANGUAGE_STANDARD = "gnu++17";
				CLANG_ENABLE_MODULES = YES;
				CLANG_ENABLE_OBJC_ARC = YES;
				CLANG_ENABLE_OBJC_WEAK = YES;
				CLANG_WARN_BLOCK_CAPTURE_AUTORELEASING = YES;
				CLANG_WARN_BOOL_CONVERSION = YES;
				CLANG_WARN_COMMA = YES;
				CLANG_WARN_CONSTANT_CONVERSION = YES;
				CLANG_WARN_DEPRECATED_OBJC_IMPLEMENTATIONS = YES;
				CLANG_WARN_DIRECT_OBJC_ISA_USAGE = YES_ERROR;
				CLANG_WARN_DOCUMENTATION_COMMENTS = YES;
				CLANG_WARN_EMPTY_BODY = YES;
				CLANG_WARN_ENUM_CONVERSION = YES;
				CLANG_WARN_INFINITE_RECURSION = YES;
				CLANG_WARN_INT_CONVERSION = YES;
				CLANG_WARN_NON_LITERAL_NULL_CONVERSION = YES;
				CLANG_WARN_OBJC_IMPLICIT_RETAIN_SELF = YES;
				CLANG_WARN_OBJC_LITERAL_CONVERSION = YES;
				CLANG_WARN_OBJC_ROOT_CLASS = YES_ERROR;
				CLANG_WARN_QUOTED_INCLUDE_IN_FRAMEWORK_HEADER = YES;
				CLANG_WARN_RANGE_LOOP_ANALYSIS = YES;
				CLANG_WARN_STRICT_PROTOTYPES = YES;
				CLANG_WARN_SUSPICIOUS_MOVE = YES;
				CLANG_WARN_UNGUARDED_AVAILABILITY = YES_AGGRESSIVE;
				CLANG_WARN_UNREACHABLE_CODE = YES;
				CLANG_WARN__DUPLICATE_METHOD_MATCH = YES;
				COPY_PHASE_STRIP = NO;
				DEBUG_INFORMATION_FORMAT = dwarf;
				ENABLE_STRICT_OBJC_MSGSEND = YES;
				ENABLE_TESTABILITY = YES;
				GCC_C_LANGUAGE_STANDARD = gnu11;
				GCC_DYNAMIC_NO_PIC = NO;
				GCC_NO_COMMON_BLOCKS = YES;
				GCC_OPTIMIZATION_LEVEL = 0;
				GCC_PREPROCESSOR_DEFINITIONS = (
					"DEBUG=1",
					"$(inherited)",
				);
				GCC_WARN_64_TO_32_BIT_CONVERSION = YES;
				GCC_WARN_ABOUT_RETURN_TYPE = YES_ERROR;
				GCC_WARN_UNDECLARED_SELECTOR = YES;
				GCC_WARN_UNINITIALIZED_AUTOS = YES_AGGRESSIVE;
				GCC_WARN_UNUSED_FUNCTION = YES;
				GCC_WARN_UNUSED_VARIABLE = YES;
				MACOSX_DEPLOYMENT_TARGET = 10.9;
				MTL_ENABLE_DEBUG_INFO = INCLUDE_SOURCE;
				MTL_FAST_MATH = YES;
				ONLY_ACTIVE_ARCH = NO;
				SDKROOT = macosx;
			};
			name = Debug;
		};
		2B84489428BEEBDD00C068D1 /* Release */ = {
			isa = XCBuildConfiguration;
			buildSettings = {
				CLANG_ANALYZER_NONNULL = YES;
				CLANG_ANALYZER_NUMBER_OBJECT_CONVERSION = YES_AGGRESSIVE;
				CLANG_CXX_LANGUAGE_STANDARD = "gnu++17";
				CLANG_ENABLE_MODULES = YES;
				CLANG_ENABLE_OBJC_ARC = YES;
				CLANG_ENABLE_OBJC_WEAK = YES;
				CLANG_WARN_BLOCK_CAPTURE_AUTORELEASING = YES;
				CLANG_WARN_BOOL_CONVERSION = YES;
				CLANG_WARN_COMMA = YES;
				CLANG_WARN_CONSTANT_CONVERSION = YES;
				CLANG_WARN_DEPRECATED_OBJC_IMPLEMENTATIONS = YES;
				CLANG_WARN_DIRECT_OBJC_ISA_USAGE = YES_ERROR;
				CLANG_WARN_DOCUMENTATION_COMMENTS = YES;
				CLANG_WARN_EMPTY_BODY = YES;
				CLANG_WARN_ENUM_CONVERSION = YES;
				CLANG_WARN_INFINITE_RECURSION = YES;
				CLANG_WARN_INT_CONVERSION = YES;
				CLANG_WARN_NON_LITERAL_NULL_CONVERSION = YES;
				CLANG_WARN_OBJC_IMPLICIT_RETAIN_SELF = YES;
				CLANG_WARN_OBJC_LITERAL_CONVERSION = YES;
				CLANG_WARN_OBJC_ROOT_CLASS = YES_ERROR;
				CLANG_WARN_QUOTED_INCLUDE_IN_FRAMEWORK_HEADER = YES;
				CLANG_WARN_RANGE_LOOP_ANALYSIS = YES;
				CLANG_WARN_STRICT_PROTOTYPES = YES;
				CLANG_WARN_SUSPICIOUS_MOVE = YES;
				CLANG_WARN_UNGUARDED_AVAILABILITY = YES_AGGRESSIVE;
				CLANG_WARN_UNREACHABLE_CODE = YES;
				CLANG_WARN__DUPLICATE_METHOD_MATCH = YES;
				COPY_PHASE_STRIP = NO;
				DEBUG_INFORMATION_FORMAT = "dwarf-with-dsym";
				ENABLE_NS_ASSERTIONS = NO;
				ENABLE_STRICT_OBJC_MSGSEND = YES;
				GCC_C_LANGUAGE_STANDARD = gnu11;
				GCC_NO_COMMON_BLOCKS = YES;
				GCC_WARN_64_TO_32_BIT_CONVERSION = YES;
				GCC_WARN_ABOUT_RETURN_TYPE = YES_ERROR;
				GCC_WARN_UNDECLARED_SELECTOR = YES;
				GCC_WARN_UNINITIALIZED_AUTOS = YES_AGGRESSIVE;
				GCC_WARN_UNUSED_FUNCTION = YES;
				GCC_WARN_UNUSED_VARIABLE = YES;
				MACOSX_DEPLOYMENT_TARGET = 10.9;
				MTL_ENABLE_DEBUG_INFO = NO;
				MTL_FAST_MATH = YES;
				SDKROOT = macosx;
			};
			name = Release;
		};
/* End XCBuildConfiguration section */

/* Begin XCConfigurationList section */
		2B2EFA7428BF1AD3009B225D /* Build configuration list for PBXNativeTarget "SeaLibrary" */ = {
			isa = XCConfigurationList;
			buildConfigurations = (
				2B2EFA7528BF1AD3009B225D /* Debug */,
				2B2EFA7628BF1AD3009B225D /* Release */,
			);
			defaultConfigurationIsVisible = 0;
			defaultConfigurationName = Release;
		};
		2B84488728BEEBDD00C068D1 /* Build configuration list for PBXProject "SeaLibrary" */ = {
			isa = XCConfigurationList;
			buildConfigurations = (
				2B84489328BEEBDD00C068D1 /* Debug */,
				2B84489428BEEBDD00C068D1 /* Release */,
			);
			defaultConfigurationIsVisible = 0;
			defaultConfigurationName = Release;
		};
/* End XCConfigurationList section */
	};
	rootObject = 2B84488428BEEBDD00C068D1 /* Project object */;
}
